
Microsoft Visual Studio Solution File, Format Version 12.00
# Visual Studio Version 17
VisualStudioVersion = 17.0.31903.59
MinimumVisualStudioVersion = 10.0.40219.1
Project("{2150E333-8FDC-42A3-9474-1A3956D46DE8}") = "src", "src", "{827E0CD3-B72D-47B6-A68D-7590B98EB39B}"
EndProject
Project("{FAE04EC0-301F-11D3-BF4B-00C04F79EFBC}") = "Elsa.Platform.PackageManifests", "src\Elsa.Platform.PackageManifests\Elsa.Platform.PackageManifests.csproj", "{6578674B-74B0-4CBE-B462-E1BC4FFDBC60}"
EndProject
Project("{FAE04EC0-301F-11D3-BF4B-00C04F79EFBC}") = "Elsa.Platform.PackageCatalog.Core", "src\Elsa.Platform.PackageCatalog.Core\Elsa.Platform.PackageCatalog.Core.csproj", "{3A6D3050-5C90-4BB6-97EB-916E982670EC}"
EndProject
Project("{FAE04EC0-301F-11D3-BF4B-00C04F79EFBC}") = "Elsa.Platform.PackageCatalog.Api", "src\Elsa.Platform.PackageCatalog.Api\Elsa.Platform.PackageCatalog.Api.csproj", "{ACCCF817-BA52-4F8D-8D5D-6922A324CBB1}"
EndProject
Project("{FAE04EC0-301F-11D3-BF4B-00C04F79EFBC}") = "Elsa.Platform.PackageCatalog.Persistence.EntityFrameworkCore", "src\Elsa.Platform.PackageCatalog.Persistence.EntityFrameworkCore\Elsa.Platform.PackageCatalog.Persistence.EntityFrameworkCore.csproj", "{45AC411D-4B37-454B-AD94-0C363D8A0EBB}"
EndProject
Project("{FAE04EC0-301F-11D3-BF4B-00C04F79EFBC}") = "Elsa.Platform.PackageCatalog.Sources.NuGet", "src\Elsa.Platform.PackageCatalog.Sources.NuGet\Elsa.Platform.PackageCatalog.Sources.NuGet.csproj", "{0CF9732E-1A27-4353-A26E-917F81728237}"
EndProject
Project("{2150E333-8FDC-42A3-9474-1A3956D46DE8}") = "tests", "tests", "{0AB3BF05-4346-4AA6-1389-037BE0695223}"
EndProject
Project("{FAE04EC0-301F-11D3-BF4B-00C04F79EFBC}") = "Elsa.Platform.PackageManifests.Tests", "tests\Elsa.Platform.PackageManifests.Tests\Elsa.Platform.PackageManifests.Tests.csproj", "{C3A2FBC2-6F63-4B3B-B106-0DE6A56E8480}"
EndProject
Project("{FAE04EC0-301F-11D3-BF4B-00C04F79EFBC}") = "Elsa.Platform.PackageCatalog.Core.Tests", "tests\Elsa.Platform.PackageCatalog.Core.Tests\Elsa.Platform.PackageCatalog.Core.Tests.csproj", "{4A8DB526-E63F-4464-8ECC-6FE063FF29A6}"
EndProject
Project("{FAE04EC0-301F-11D3-BF4B-00C04F79EFBC}") = "Elsa.Platform.PackageCatalog.Api.Tests", "tests\Elsa.Platform.PackageCatalog.Api.Tests\Elsa.Platform.PackageCatalog.Api.Tests.csproj", "{83C090E4-9B96-4C72-A46B-CAE5CC4DE39E}"
EndProject
Project("{FAE04EC0-301F-11D3-BF4B-00C04F79EFBC}") = "Elsa.Platform.PackageCatalog.Persistence.EntityFrameworkCore.Tests", "tests\Elsa.Platform.PackageCatalog.Persistence.EntityFrameworkCore.Tests\Elsa.Platform.PackageCatalog.Persistence.EntityFrameworkCore.Tests.csproj", "{D98D33A6-8161-42A3-92DD-EA462E8C0471}"
EndProject
Project("{FAE04EC0-301F-11D3-BF4B-00C04F79EFBC}") = "Elsa.Platform.PackageCatalog.Sources.NuGet.Tests", "tests\Elsa.Platform.PackageCatalog.Sources.NuGet.Tests\Elsa.Platform.PackageCatalog.Sources.NuGet.Tests.csproj", "{A8C5589E-A1BA-4445-84C5-197E0E80CE72}"
EndProject
Project("{FAE04EC0-301F-11D3-BF4B-00C04F79EFBC}") = "Elsa.Platform.PackageCatalog.Testing", "tests\Elsa.Platform.PackageCatalog.Testing\Elsa.Platform.PackageCatalog.Testing.csproj", "{92E61754-77E8-4035-85FC-AF90B83A7C2F}"
EndProject
Project("{FAE04EC0-301F-11D3-BF4B-00C04F79EFBC}") = "Elsa.Platform.PackageManifest.Generator", "src\Elsa.Platform.PackageManifest.Generator\Elsa.Platform.PackageManifest.Generator.csproj", "{16FC3D3F-6888-4776-B2B6-F40A25F63F3E}"
EndProject
Project("{FAE04EC0-301F-11D3-BF4B-00C04F79EFBC}") = "Elsa.Platform.PackageManifest.Generator.MSBuild", "src\Elsa.Platform.PackageManifest.Generator.MSBuild\Elsa.Platform.PackageManifest.Generator.MSBuild.csproj", "{6F3DAB8E-B599-40E8-BFBD-1BAF7F3FE725}"
EndProject
Project("{FAE04EC0-301F-11D3-BF4B-00C04F79EFBC}") = "Elsa.Platform.PackageManifest.Generator.Core", "src\Elsa.Platform.PackageManifest.Generator.Core\Elsa.Platform.PackageManifest.Generator.Core.csproj", "{320AAFB3-384D-4754-8229-761F450B4C97}"
EndProject
Project("{FAE04EC0-301F-11D3-BF4B-00C04F79EFBC}") = "Elsa.Platform.PackageManifest.Generator.Core.Tests", "tests\Elsa.Platform.PackageManifest.Generator.Core.Tests\Elsa.Platform.PackageManifest.Generator.Core.Tests.csproj", "{5A19783B-1D9A-4FBD-8C3F-41B582089FB1}"
EndProject
Project("{FAE04EC0-301F-11D3-BF4B-00C04F79EFBC}") = "Elsa.Platform.PackageManifest.Generator.Testing", "tests\Elsa.Platform.PackageManifest.Generator.Testing\Elsa.Platform.PackageManifest.Generator.Testing.csproj", "{3A90AE29-33DB-4241-9BB5-8578067C9A49}"
EndProject
Project("{FAE04EC0-301F-11D3-BF4B-00C04F79EFBC}") = "Elsa.Platform.PackageManifest.Generator.MSBuild.Tests", "tests\Elsa.Platform.PackageManifest.Generator.MSBuild.Tests\Elsa.Platform.PackageManifest.Generator.MSBuild.Tests.csproj", "{10D68F1A-23BB-43BF-BC90-1BC0D73F0BFB}"
EndProject
Project("{FAE04EC0-301F-11D3-BF4B-00C04F79EFBC}") = "Elsa.Platform.PackageManifest.Generator.IntegrationTests", "tests\Elsa.Platform.PackageManifest.Generator.IntegrationTests\Elsa.Platform.PackageManifest.Generator.IntegrationTests.csproj", "{060E3A4E-FD2E-41BB-936C-B91AF91BB628}"
EndProject
Project("{2150E333-8FDC-42A3-9474-1A3956D46DE8}") = "solution", "solution", "{9F488F1B-06A0-4D45-928C-FAB6321BCEAD}"
	ProjectSection(SolutionItems) = preProject
		Directory.Packages.props = Directory.Packages.props
		Directory.Build.props = Directory.Build.props
		LICENSE = LICENSE
		README.md = README.md
		AGENTS.md = AGENTS.md
	EndProjectSection
EndProject
Project("{FAE04EC0-301F-11D3-BF4B-00C04F79EFBC}") = "Elsa.Platform.PackageCatalog.AppHost", "src\Elsa.Platform.PackageCatalog.AppHost\Elsa.Platform.PackageCatalog.AppHost.csproj", "{60DAE03C-A730-4125-B310-656D64BA28F0}"
EndProject
Project("{FAE04EC0-301F-11D3-BF4B-00C04F79EFBC}") = "Elsa.Platform.PackageCatalog.ServiceDefaults", "src\Elsa.Platform.PackageCatalog.ServiceDefaults\Elsa.Platform.PackageCatalog.ServiceDefaults.csproj", "{1906CE1B-FB94-4E2B-8EF7-44A927277BEA}"
EndProject
Project("{FAE04EC0-301F-11D3-BF4B-00C04F79EFBC}") = "Elsa.Platform.PackageCatalog.Persistence.SqliteMigrations", "src\Elsa.Platform.PackageCatalog.Persistence.SqliteMigrations\Elsa.Platform.PackageCatalog.Persistence.SqliteMigrations.csproj", "{66B0FC48-A0E5-4266-B557-4D3046A543F7}"
EndProject
Project("{FAE04EC0-301F-11D3-BF4B-00C04F79EFBC}") = "Elsa.Platform.PackageCatalog.Persistence.SqlServerMigrations", "src\Elsa.Platform.PackageCatalog.Persistence.SqlServerMigrations\Elsa.Platform.PackageCatalog.Persistence.SqlServerMigrations.csproj", "{F495596B-CCE7-4333-BC0D-0BBC1DECC4ED}"
EndProject
Project("{FAE04EC0-301F-11D3-BF4B-00C04F79EFBC}") = "Elsa.Platform.PackageCatalog.Abstractions", "src\Elsa.Platform.PackageCatalog.Abstractions\Elsa.Platform.PackageCatalog.Abstractions.csproj", "{1E89800B-CADE-43DC-ABB9-DB6D83E6162F}"
EndProject
Project("{FAE04EC0-301F-11D3-BF4B-00C04F79EFBC}") = "Elsa.Platform.RuntimeBuilder.Abstractions", "src\Elsa.Platform.RuntimeBuilder.Abstractions\Elsa.Platform.RuntimeBuilder.Abstractions.csproj", "{DD91A61F-F025-4DEE-9A04-4CC62BEFA293}"
EndProject
Project("{FAE04EC0-301F-11D3-BF4B-00C04F79EFBC}") = "Elsa.Platform.RuntimeBuilder.Core", "src\Elsa.Platform.RuntimeBuilder.Core\Elsa.Platform.RuntimeBuilder.Core.csproj", "{AA05377B-4E73-476E-B9C1-A9ECFBE85142}"
EndProject
Project("{FAE04EC0-301F-11D3-BF4B-00C04F79EFBC}") = "Elsa.Platform.RuntimeBuilder.DeploymentTemplates", "src\Elsa.Platform.RuntimeBuilder.DeploymentTemplates\Elsa.Platform.RuntimeBuilder.DeploymentTemplates.csproj", "{BE722554-C2CE-4D89-83F4-CF842AEACD05}"
EndProject
Project("{FAE04EC0-301F-11D3-BF4B-00C04F79EFBC}") = "Elsa.Platform.RuntimeBuilder.Core.Tests", "tests\Elsa.Platform.RuntimeBuilder.Core.Tests\Elsa.Platform.RuntimeBuilder.Core.Tests.csproj", "{E1282732-27B4-44F6-8CE1-B6ECEF5BDDF2}"
EndProject
Project("{FAE04EC0-301F-11D3-BF4B-00C04F79EFBC}") = "Elsa.Platform.PackageCatalog.Abstractions.Tests", "tests\Elsa.Platform.PackageCatalog.Abstractions.Tests\Elsa.Platform.PackageCatalog.Abstractions.Tests.csproj", "{33F8BA72-9678-4309-A558-256E4D01EC1A}"
EndProject
Global
	GlobalSection(SolutionConfigurationPlatforms) = preSolution
		Debug|Any CPU = Debug|Any CPU
		Debug|x64 = Debug|x64
		Debug|x86 = Debug|x86
		Release|Any CPU = Release|Any CPU
		Release|x64 = Release|x64
		Release|x86 = Release|x86
	EndGlobalSection
	GlobalSection(ProjectConfigurationPlatforms) = postSolution
		{6578674B-74B0-4CBE-B462-E1BC4FFDBC60}.Debug|Any CPU.ActiveCfg = Debug|Any CPU
		{6578674B-74B0-4CBE-B462-E1BC4FFDBC60}.Debug|Any CPU.Build.0 = Debug|Any CPU
		{6578674B-74B0-4CBE-B462-E1BC4FFDBC60}.Debug|x64.ActiveCfg = Debug|Any CPU
		{6578674B-74B0-4CBE-B462-E1BC4FFDBC60}.Debug|x64.Build.0 = Debug|Any CPU
		{6578674B-74B0-4CBE-B462-E1BC4FFDBC60}.Debug|x86.ActiveCfg = Debug|Any CPU
		{6578674B-74B0-4CBE-B462-E1BC4FFDBC60}.Debug|x86.Build.0 = Debug|Any CPU
		{6578674B-74B0-4CBE-B462-E1BC4FFDBC60}.Release|Any CPU.ActiveCfg = Release|Any CPU
		{6578674B-74B0-4CBE-B462-E1BC4FFDBC60}.Release|Any CPU.Build.0 = Release|Any CPU
		{6578674B-74B0-4CBE-B462-E1BC4FFDBC60}.Release|x64.ActiveCfg = Release|Any CPU
		{6578674B-74B0-4CBE-B462-E1BC4FFDBC60}.Release|x64.Build.0 = Release|Any CPU
		{6578674B-74B0-4CBE-B462-E1BC4FFDBC60}.Release|x86.ActiveCfg = Release|Any CPU
		{6578674B-74B0-4CBE-B462-E1BC4FFDBC60}.Release|x86.Build.0 = Release|Any CPU
		{3A6D3050-5C90-4BB6-97EB-916E982670EC}.Debug|Any CPU.ActiveCfg = Debug|Any CPU
		{3A6D3050-5C90-4BB6-97EB-916E982670EC}.Debug|Any CPU.Build.0 = Debug|Any CPU
		{3A6D3050-5C90-4BB6-97EB-916E982670EC}.Debug|x64.ActiveCfg = Debug|Any CPU
		{3A6D3050-5C90-4BB6-97EB-916E982670EC}.Debug|x64.Build.0 = Debug|Any CPU
		{3A6D3050-5C90-4BB6-97EB-916E982670EC}.Debug|x86.ActiveCfg = Debug|Any CPU
		{3A6D3050-5C90-4BB6-97EB-916E982670EC}.Debug|x86.Build.0 = Debug|Any CPU
		{3A6D3050-5C90-4BB6-97EB-916E982670EC}.Release|Any CPU.ActiveCfg = Release|Any CPU
		{3A6D3050-5C90-4BB6-97EB-916E982670EC}.Release|Any CPU.Build.0 = Release|Any CPU
		{3A6D3050-5C90-4BB6-97EB-916E982670EC}.Release|x64.ActiveCfg = Release|Any CPU
		{3A6D3050-5C90-4BB6-97EB-916E982670EC}.Release|x64.Build.0 = Release|Any CPU
		{3A6D3050-5C90-4BB6-97EB-916E982670EC}.Release|x86.ActiveCfg = Release|Any CPU
		{3A6D3050-5C90-4BB6-97EB-916E982670EC}.Release|x86.Build.0 = Release|Any CPU
		{ACCCF817-BA52-4F8D-8D5D-6922A324CBB1}.Debug|Any CPU.ActiveCfg = Debug|Any CPU
		{ACCCF817-BA52-4F8D-8D5D-6922A324CBB1}.Debug|Any CPU.Build.0 = Debug|Any CPU
		{ACCCF817-BA52-4F8D-8D5D-6922A324CBB1}.Debug|x64.ActiveCfg = Debug|Any CPU
		{ACCCF817-BA52-4F8D-8D5D-6922A324CBB1}.Debug|x64.Build.0 = Debug|Any CPU
		{ACCCF817-BA52-4F8D-8D5D-6922A324CBB1}.Debug|x86.ActiveCfg = Debug|Any CPU
		{ACCCF817-BA52-4F8D-8D5D-6922A324CBB1}.Debug|x86.Build.0 = Debug|Any CPU
		{ACCCF817-BA52-4F8D-8D5D-6922A324CBB1}.Release|Any CPU.ActiveCfg = Release|Any CPU
		{ACCCF817-BA52-4F8D-8D5D-6922A324CBB1}.Release|Any CPU.Build.0 = Release|Any CPU
		{ACCCF817-BA52-4F8D-8D5D-6922A324CBB1}.Release|x64.ActiveCfg = Release|Any CPU
		{ACCCF817-BA52-4F8D-8D5D-6922A324CBB1}.Release|x64.Build.0 = Release|Any CPU
		{ACCCF817-BA52-4F8D-8D5D-6922A324CBB1}.Release|x86.ActiveCfg = Release|Any CPU
		{ACCCF817-BA52-4F8D-8D5D-6922A324CBB1}.Release|x86.Build.0 = Release|Any CPU
		{45AC411D-4B37-454B-AD94-0C363D8A0EBB}.Debug|Any CPU.ActiveCfg = Debug|Any CPU
		{45AC411D-4B37-454B-AD94-0C363D8A0EBB}.Debug|Any CPU.Build.0 = Debug|Any CPU
		{45AC411D-4B37-454B-AD94-0C363D8A0EBB}.Debug|x64.ActiveCfg = Debug|Any CPU
		{45AC411D-4B37-454B-AD94-0C363D8A0EBB}.Debug|x64.Build.0 = Debug|Any CPU
		{45AC411D-4B37-454B-AD94-0C363D8A0EBB}.Debug|x86.ActiveCfg = Debug|Any CPU
		{45AC411D-4B37-454B-AD94-0C363D8A0EBB}.Debug|x86.Build.0 = Debug|Any CPU
		{45AC411D-4B37-454B-AD94-0C363D8A0EBB}.Release|Any CPU.ActiveCfg = Release|Any CPU
		{45AC411D-4B37-454B-AD94-0C363D8A0EBB}.Release|Any CPU.Build.0 = Release|Any CPU
		{45AC411D-4B37-454B-AD94-0C363D8A0EBB}.Release|x64.ActiveCfg = Release|Any CPU
		{45AC411D-4B37-454B-AD94-0C363D8A0EBB}.Release|x64.Build.0 = Release|Any CPU
		{45AC411D-4B37-454B-AD94-0C363D8A0EBB}.Release|x86.ActiveCfg = Release|Any CPU
		{45AC411D-4B37-454B-AD94-0C363D8A0EBB}.Release|x86.Build.0 = Release|Any CPU
		{0CF9732E-1A27-4353-A26E-917F81728237}.Debug|Any CPU.ActiveCfg = Debug|Any CPU
		{0CF9732E-1A27-4353-A26E-917F81728237}.Debug|Any CPU.Build.0 = Debug|Any CPU
		{0CF9732E-1A27-4353-A26E-917F81728237}.Debug|x64.ActiveCfg = Debug|Any CPU
		{0CF9732E-1A27-4353-A26E-917F81728237}.Debug|x64.Build.0 = Debug|Any CPU
		{0CF9732E-1A27-4353-A26E-917F81728237}.Debug|x86.ActiveCfg = Debug|Any CPU
		{0CF9732E-1A27-4353-A26E-917F81728237}.Debug|x86.Build.0 = Debug|Any CPU
		{0CF9732E-1A27-4353-A26E-917F81728237}.Release|Any CPU.ActiveCfg = Release|Any CPU
		{0CF9732E-1A27-4353-A26E-917F81728237}.Release|Any CPU.Build.0 = Release|Any CPU
		{0CF9732E-1A27-4353-A26E-917F81728237}.Release|x64.ActiveCfg = Release|Any CPU
		{0CF9732E-1A27-4353-A26E-917F81728237}.Release|x64.Build.0 = Release|Any CPU
		{0CF9732E-1A27-4353-A26E-917F81728237}.Release|x86.ActiveCfg = Release|Any CPU
		{0CF9732E-1A27-4353-A26E-917F81728237}.Release|x86.Build.0 = Release|Any CPU
		{C3A2FBC2-6F63-4B3B-B106-0DE6A56E8480}.Debug|Any CPU.ActiveCfg = Debug|Any CPU
		{C3A2FBC2-6F63-4B3B-B106-0DE6A56E8480}.Debug|Any CPU.Build.0 = Debug|Any CPU
		{C3A2FBC2-6F63-4B3B-B106-0DE6A56E8480}.Debug|x64.ActiveCfg = Debug|Any CPU
		{C3A2FBC2-6F63-4B3B-B106-0DE6A56E8480}.Debug|x64.Build.0 = Debug|Any CPU
		{C3A2FBC2-6F63-4B3B-B106-0DE6A56E8480}.Debug|x86.ActiveCfg = Debug|Any CPU
		{C3A2FBC2-6F63-4B3B-B106-0DE6A56E8480}.Debug|x86.Build.0 = Debug|Any CPU
		{C3A2FBC2-6F63-4B3B-B106-0DE6A56E8480}.Release|Any CPU.ActiveCfg = Release|Any CPU
		{C3A2FBC2-6F63-4B3B-B106-0DE6A56E8480}.Release|Any CPU.Build.0 = Release|Any CPU
		{C3A2FBC2-6F63-4B3B-B106-0DE6A56E8480}.Release|x64.ActiveCfg = Release|Any CPU
		{C3A2FBC2-6F63-4B3B-B106-0DE6A56E8480}.Release|x64.Build.0 = Release|Any CPU
		{C3A2FBC2-6F63-4B3B-B106-0DE6A56E8480}.Release|x86.ActiveCfg = Release|Any CPU
		{C3A2FBC2-6F63-4B3B-B106-0DE6A56E8480}.Release|x86.Build.0 = Release|Any CPU
		{4A8DB526-E63F-4464-8ECC-6FE063FF29A6}.Debug|Any CPU.ActiveCfg = Debug|Any CPU
		{4A8DB526-E63F-4464-8ECC-6FE063FF29A6}.Debug|Any CPU.Build.0 = Debug|Any CPU
		{4A8DB526-E63F-4464-8ECC-6FE063FF29A6}.Debug|x64.ActiveCfg = Debug|Any CPU
		{4A8DB526-E63F-4464-8ECC-6FE063FF29A6}.Debug|x64.Build.0 = Debug|Any CPU
		{4A8DB526-E63F-4464-8ECC-6FE063FF29A6}.Debug|x86.ActiveCfg = Debug|Any CPU
		{4A8DB526-E63F-4464-8ECC-6FE063FF29A6}.Debug|x86.Build.0 = Debug|Any CPU
		{4A8DB526-E63F-4464-8ECC-6FE063FF29A6}.Release|Any CPU.ActiveCfg = Release|Any CPU
		{4A8DB526-E63F-4464-8ECC-6FE063FF29A6}.Release|Any CPU.Build.0 = Release|Any CPU
		{4A8DB526-E63F-4464-8ECC-6FE063FF29A6}.Release|x64.ActiveCfg = Release|Any CPU
		{4A8DB526-E63F-4464-8ECC-6FE063FF29A6}.Release|x64.Build.0 = Release|Any CPU
		{4A8DB526-E63F-4464-8ECC-6FE063FF29A6}.Release|x86.ActiveCfg = Release|Any CPU
		{4A8DB526-E63F-4464-8ECC-6FE063FF29A6}.Release|x86.Build.0 = Release|Any CPU
		{83C090E4-9B96-4C72-A46B-CAE5CC4DE39E}.Debug|Any CPU.ActiveCfg = Debug|Any CPU
		{83C090E4-9B96-4C72-A46B-CAE5CC4DE39E}.Debug|Any CPU.Build.0 = Debug|Any CPU
		{83C090E4-9B96-4C72-A46B-CAE5CC4DE39E}.Debug|x64.ActiveCfg = Debug|Any CPU
		{83C090E4-9B96-4C72-A46B-CAE5CC4DE39E}.Debug|x64.Build.0 = Debug|Any CPU
		{83C090E4-9B96-4C72-A46B-CAE5CC4DE39E}.Debug|x86.ActiveCfg = Debug|Any CPU
		{83C090E4-9B96-4C72-A46B-CAE5CC4DE39E}.Debug|x86.Build.0 = Debug|Any CPU
		{83C090E4-9B96-4C72-A46B-CAE5CC4DE39E}.Release|Any CPU.ActiveCfg = Release|Any CPU
		{83C090E4-9B96-4C72-A46B-CAE5CC4DE39E}.Release|Any CPU.Build.0 = Release|Any CPU
		{83C090E4-9B96-4C72-A46B-CAE5CC4DE39E}.Release|x64.ActiveCfg = Release|Any CPU
		{83C090E4-9B96-4C72-A46B-CAE5CC4DE39E}.Release|x64.Build.0 = Release|Any CPU
		{83C090E4-9B96-4C72-A46B-CAE5CC4DE39E}.Release|x86.ActiveCfg = Release|Any CPU
		{83C090E4-9B96-4C72-A46B-CAE5CC4DE39E}.Release|x86.Build.0 = Release|Any CPU
		{D98D33A6-8161-42A3-92DD-EA462E8C0471}.Debug|Any CPU.ActiveCfg = Debug|Any CPU
		{D98D33A6-8161-42A3-92DD-EA462E8C0471}.Debug|Any CPU.Build.0 = Debug|Any CPU
		{D98D33A6-8161-42A3-92DD-EA462E8C0471}.Debug|x64.ActiveCfg = Debug|Any CPU
		{D98D33A6-8161-42A3-92DD-EA462E8C0471}.Debug|x64.Build.0 = Debug|Any CPU
		{D98D33A6-8161-42A3-92DD-EA462E8C0471}.Debug|x86.ActiveCfg = Debug|Any CPU
		{D98D33A6-8161-42A3-92DD-EA462E8C0471}.Debug|x86.Build.0 = Debug|Any CPU
		{D98D33A6-8161-42A3-92DD-EA462E8C0471}.Release|Any CPU.ActiveCfg = Release|Any CPU
		{D98D33A6-8161-42A3-92DD-EA462E8C0471}.Release|Any CPU.Build.0 = Release|Any CPU
		{D98D33A6-8161-42A3-92DD-EA462E8C0471}.Release|x64.ActiveCfg = Release|Any CPU
		{D98D33A6-8161-42A3-92DD-EA462E8C0471}.Release|x64.Build.0 = Release|Any CPU
		{D98D33A6-8161-42A3-92DD-EA462E8C0471}.Release|x86.ActiveCfg = Release|Any CPU
		{D98D33A6-8161-42A3-92DD-EA462E8C0471}.Release|x86.Build.0 = Release|Any CPU
		{A8C5589E-A1BA-4445-84C5-197E0E80CE72}.Debug|Any CPU.ActiveCfg = Debug|Any CPU
		{A8C5589E-A1BA-4445-84C5-197E0E80CE72}.Debug|Any CPU.Build.0 = Debug|Any CPU
		{A8C5589E-A1BA-4445-84C5-197E0E80CE72}.Debug|x64.ActiveCfg = Debug|Any CPU
		{A8C5589E-A1BA-4445-84C5-197E0E80CE72}.Debug|x64.Build.0 = Debug|Any CPU
		{A8C5589E-A1BA-4445-84C5-197E0E80CE72}.Debug|x86.ActiveCfg = Debug|Any CPU
		{A8C5589E-A1BA-4445-84C5-197E0E80CE72}.Debug|x86.Build.0 = Debug|Any CPU
		{A8C5589E-A1BA-4445-84C5-197E0E80CE72}.Release|Any CPU.ActiveCfg = Release|Any CPU
		{A8C5589E-A1BA-4445-84C5-197E0E80CE72}.Release|Any CPU.Build.0 = Release|Any CPU
		{A8C5589E-A1BA-4445-84C5-197E0E80CE72}.Release|x64.ActiveCfg = Release|Any CPU
		{A8C5589E-A1BA-4445-84C5-197E0E80CE72}.Release|x64.Build.0 = Release|Any CPU
		{A8C5589E-A1BA-4445-84C5-197E0E80CE72}.Release|x86.ActiveCfg = Release|Any CPU
		{A8C5589E-A1BA-4445-84C5-197E0E80CE72}.Release|x86.Build.0 = Release|Any CPU
		{92E61754-77E8-4035-85FC-AF90B83A7C2F}.Debug|Any CPU.ActiveCfg = Debug|Any CPU
		{92E61754-77E8-4035-85FC-AF90B83A7C2F}.Debug|Any CPU.Build.0 = Debug|Any CPU
		{92E61754-77E8-4035-85FC-AF90B83A7C2F}.Debug|x64.ActiveCfg = Debug|Any CPU
		{92E61754-77E8-4035-85FC-AF90B83A7C2F}.Debug|x64.Build.0 = Debug|Any CPU
		{92E61754-77E8-4035-85FC-AF90B83A7C2F}.Debug|x86.ActiveCfg = Debug|Any CPU
		{92E61754-77E8-4035-85FC-AF90B83A7C2F}.Debug|x86.Build.0 = Debug|Any CPU
		{92E61754-77E8-4035-85FC-AF90B83A7C2F}.Release|Any CPU.ActiveCfg = Release|Any CPU
		{92E61754-77E8-4035-85FC-AF90B83A7C2F}.Release|Any CPU.Build.0 = Release|Any CPU
		{92E61754-77E8-4035-85FC-AF90B83A7C2F}.Release|x64.ActiveCfg = Release|Any CPU
		{92E61754-77E8-4035-85FC-AF90B83A7C2F}.Release|x64.Build.0 = Release|Any CPU
		{92E61754-77E8-4035-85FC-AF90B83A7C2F}.Release|x86.ActiveCfg = Release|Any CPU
		{92E61754-77E8-4035-85FC-AF90B83A7C2F}.Release|x86.Build.0 = Release|Any CPU
		{16FC3D3F-6888-4776-B2B6-F40A25F63F3E}.Debug|Any CPU.ActiveCfg = Debug|Any CPU
		{16FC3D3F-6888-4776-B2B6-F40A25F63F3E}.Debug|Any CPU.Build.0 = Debug|Any CPU
		{16FC3D3F-6888-4776-B2B6-F40A25F63F3E}.Debug|x64.ActiveCfg = Debug|Any CPU
		{16FC3D3F-6888-4776-B2B6-F40A25F63F3E}.Debug|x64.Build.0 = Debug|Any CPU
		{16FC3D3F-6888-4776-B2B6-F40A25F63F3E}.Debug|x86.ActiveCfg = Debug|Any CPU
		{16FC3D3F-6888-4776-B2B6-F40A25F63F3E}.Debug|x86.Build.0 = Debug|Any CPU
		{16FC3D3F-6888-4776-B2B6-F40A25F63F3E}.Release|Any CPU.ActiveCfg = Release|Any CPU
		{16FC3D3F-6888-4776-B2B6-F40A25F63F3E}.Release|Any CPU.Build.0 = Release|Any CPU
		{16FC3D3F-6888-4776-B2B6-F40A25F63F3E}.Release|x64.ActiveCfg = Release|Any CPU
		{16FC3D3F-6888-4776-B2B6-F40A25F63F3E}.Release|x64.Build.0 = Release|Any CPU
		{16FC3D3F-6888-4776-B2B6-F40A25F63F3E}.Release|x86.ActiveCfg = Release|Any CPU
		{16FC3D3F-6888-4776-B2B6-F40A25F63F3E}.Release|x86.Build.0 = Release|Any CPU
		{6F3DAB8E-B599-40E8-BFBD-1BAF7F3FE725}.Debug|Any CPU.ActiveCfg = Debug|Any CPU
		{6F3DAB8E-B599-40E8-BFBD-1BAF7F3FE725}.Debug|Any CPU.Build.0 = Debug|Any CPU
		{6F3DAB8E-B599-40E8-BFBD-1BAF7F3FE725}.Debug|x64.ActiveCfg = Debug|Any CPU
		{6F3DAB8E-B599-40E8-BFBD-1BAF7F3FE725}.Debug|x64.Build.0 = Debug|Any CPU
		{6F3DAB8E-B599-40E8-BFBD-1BAF7F3FE725}.Debug|x86.ActiveCfg = Debug|Any CPU
		{6F3DAB8E-B599-40E8-BFBD-1BAF7F3FE725}.Debug|x86.Build.0 = Debug|Any CPU
		{6F3DAB8E-B599-40E8-BFBD-1BAF7F3FE725}.Release|Any CPU.ActiveCfg = Release|Any CPU
		{6F3DAB8E-B599-40E8-BFBD-1BAF7F3FE725}.Release|Any CPU.Build.0 = Release|Any CPU
		{6F3DAB8E-B599-40E8-BFBD-1BAF7F3FE725}.Release|x64.ActiveCfg = Release|Any CPU
		{6F3DAB8E-B599-40E8-BFBD-1BAF7F3FE725}.Release|x64.Build.0 = Release|Any CPU
		{6F3DAB8E-B599-40E8-BFBD-1BAF7F3FE725}.Release|x86.ActiveCfg = Release|Any CPU
		{6F3DAB8E-B599-40E8-BFBD-1BAF7F3FE725}.Release|x86.Build.0 = Release|Any CPU
		{320AAFB3-384D-4754-8229-761F450B4C97}.Debug|Any CPU.ActiveCfg = Debug|Any CPU
		{320AAFB3-384D-4754-8229-761F450B4C97}.Debug|Any CPU.Build.0 = Debug|Any CPU
		{320AAFB3-384D-4754-8229-761F450B4C97}.Debug|x64.ActiveCfg = Debug|Any CPU
		{320AAFB3-384D-4754-8229-761F450B4C97}.Debug|x64.Build.0 = Debug|Any CPU
		{320AAFB3-384D-4754-8229-761F450B4C97}.Debug|x86.ActiveCfg = Debug|Any CPU
		{320AAFB3-384D-4754-8229-761F450B4C97}.Debug|x86.Build.0 = Debug|Any CPU
		{320AAFB3-384D-4754-8229-761F450B4C97}.Release|Any CPU.ActiveCfg = Release|Any CPU
		{320AAFB3-384D-4754-8229-761F450B4C97}.Release|Any CPU.Build.0 = Release|Any CPU
		{320AAFB3-384D-4754-8229-761F450B4C97}.Release|x64.ActiveCfg = Release|Any CPU
		{320AAFB3-384D-4754-8229-761F450B4C97}.Release|x64.Build.0 = Release|Any CPU
		{320AAFB3-384D-4754-8229-761F450B4C97}.Release|x86.ActiveCfg = Release|Any CPU
		{320AAFB3-384D-4754-8229-761F450B4C97}.Release|x86.Build.0 = Release|Any CPU
		{5A19783B-1D9A-4FBD-8C3F-41B582089FB1}.Debug|Any CPU.ActiveCfg = Debug|Any CPU
		{5A19783B-1D9A-4FBD-8C3F-41B582089FB1}.Debug|Any CPU.Build.0 = Debug|Any CPU
		{5A19783B-1D9A-4FBD-8C3F-41B582089FB1}.Debug|x64.ActiveCfg = Debug|Any CPU
		{5A19783B-1D9A-4FBD-8C3F-41B582089FB1}.Debug|x64.Build.0 = Debug|Any CPU
		{5A19783B-1D9A-4FBD-8C3F-41B582089FB1}.Debug|x86.ActiveCfg = Debug|Any CPU
		{5A19783B-1D9A-4FBD-8C3F-41B582089FB1}.Debug|x86.Build.0 = Debug|Any CPU
		{5A19783B-1D9A-4FBD-8C3F-41B582089FB1}.Release|Any CPU.ActiveCfg = Release|Any CPU
		{5A19783B-1D9A-4FBD-8C3F-41B582089FB1}.Release|Any CPU.Build.0 = Release|Any CPU
		{5A19783B-1D9A-4FBD-8C3F-41B582089FB1}.Release|x64.ActiveCfg = Release|Any CPU
		{5A19783B-1D9A-4FBD-8C3F-41B582089FB1}.Release|x64.Build.0 = Release|Any CPU
		{5A19783B-1D9A-4FBD-8C3F-41B582089FB1}.Release|x86.ActiveCfg = Release|Any CPU
		{5A19783B-1D9A-4FBD-8C3F-41B582089FB1}.Release|x86.Build.0 = Release|Any CPU
		{3A90AE29-33DB-4241-9BB5-8578067C9A49}.Debug|Any CPU.ActiveCfg = Debug|Any CPU
		{3A90AE29-33DB-4241-9BB5-8578067C9A49}.Debug|Any CPU.Build.0 = Debug|Any CPU
		{3A90AE29-33DB-4241-9BB5-8578067C9A49}.Debug|x64.ActiveCfg = Debug|Any CPU
		{3A90AE29-33DB-4241-9BB5-8578067C9A49}.Debug|x64.Build.0 = Debug|Any CPU
		{3A90AE29-33DB-4241-9BB5-8578067C9A49}.Debug|x86.ActiveCfg = Debug|Any CPU
		{3A90AE29-33DB-4241-9BB5-8578067C9A49}.Debug|x86.Build.0 = Debug|Any CPU
		{3A90AE29-33DB-4241-9BB5-8578067C9A49}.Release|Any CPU.ActiveCfg = Release|Any CPU
		{3A90AE29-33DB-4241-9BB5-8578067C9A49}.Release|Any CPU.Build.0 = Release|Any CPU
		{3A90AE29-33DB-4241-9BB5-8578067C9A49}.Release|x64.ActiveCfg = Release|Any CPU
		{3A90AE29-33DB-4241-9BB5-8578067C9A49}.Release|x64.Build.0 = Release|Any CPU
		{3A90AE29-33DB-4241-9BB5-8578067C9A49}.Release|x86.ActiveCfg = Release|Any CPU
		{3A90AE29-33DB-4241-9BB5-8578067C9A49}.Release|x86.Build.0 = Release|Any CPU
		{10D68F1A-23BB-43BF-BC90-1BC0D73F0BFB}.Debug|Any CPU.ActiveCfg = Debug|Any CPU
		{10D68F1A-23BB-43BF-BC90-1BC0D73F0BFB}.Debug|Any CPU.Build.0 = Debug|Any CPU
		{10D68F1A-23BB-43BF-BC90-1BC0D73F0BFB}.Debug|x64.ActiveCfg = Debug|Any CPU
		{10D68F1A-23BB-43BF-BC90-1BC0D73F0BFB}.Debug|x64.Build.0 = Debug|Any CPU
		{10D68F1A-23BB-43BF-BC90-1BC0D73F0BFB}.Debug|x86.ActiveCfg = Debug|Any CPU
		{10D68F1A-23BB-43BF-BC90-1BC0D73F0BFB}.Debug|x86.Build.0 = Debug|Any CPU
		{10D68F1A-23BB-43BF-BC90-1BC0D73F0BFB}.Release|Any CPU.ActiveCfg = Release|Any CPU
		{10D68F1A-23BB-43BF-BC90-1BC0D73F0BFB}.Release|Any CPU.Build.0 = Release|Any CPU
		{10D68F1A-23BB-43BF-BC90-1BC0D73F0BFB}.Release|x64.ActiveCfg = Release|Any CPU
		{10D68F1A-23BB-43BF-BC90-1BC0D73F0BFB}.Release|x64.Build.0 = Release|Any CPU
		{10D68F1A-23BB-43BF-BC90-1BC0D73F0BFB}.Release|x86.ActiveCfg = Release|Any CPU
		{10D68F1A-23BB-43BF-BC90-1BC0D73F0BFB}.Release|x86.Build.0 = Release|Any CPU
		{060E3A4E-FD2E-41BB-936C-B91AF91BB628}.Debug|Any CPU.ActiveCfg = Debug|Any CPU
		{060E3A4E-FD2E-41BB-936C-B91AF91BB628}.Debug|Any CPU.Build.0 = Debug|Any CPU
		{060E3A4E-FD2E-41BB-936C-B91AF91BB628}.Debug|x64.ActiveCfg = Debug|Any CPU
		{060E3A4E-FD2E-41BB-936C-B91AF91BB628}.Debug|x64.Build.0 = Debug|Any CPU
		{060E3A4E-FD2E-41BB-936C-B91AF91BB628}.Debug|x86.ActiveCfg = Debug|Any CPU
		{060E3A4E-FD2E-41BB-936C-B91AF91BB628}.Debug|x86.Build.0 = Debug|Any CPU
		{060E3A4E-FD2E-41BB-936C-B91AF91BB628}.Release|Any CPU.ActiveCfg = Release|Any CPU
		{060E3A4E-FD2E-41BB-936C-B91AF91BB628}.Release|Any CPU.Build.0 = Release|Any CPU
		{060E3A4E-FD2E-41BB-936C-B91AF91BB628}.Release|x64.ActiveCfg = Release|Any CPU
		{060E3A4E-FD2E-41BB-936C-B91AF91BB628}.Release|x64.Build.0 = Release|Any CPU
		{060E3A4E-FD2E-41BB-936C-B91AF91BB628}.Release|x86.ActiveCfg = Release|Any CPU
		{060E3A4E-FD2E-41BB-936C-B91AF91BB628}.Release|x86.Build.0 = Release|Any CPU
		{60DAE03C-A730-4125-B310-656D64BA28F0}.Debug|Any CPU.ActiveCfg = Debug|Any CPU
		{60DAE03C-A730-4125-B310-656D64BA28F0}.Debug|Any CPU.Build.0 = Debug|Any CPU
		{60DAE03C-A730-4125-B310-656D64BA28F0}.Debug|x64.ActiveCfg = Debug|Any CPU
		{60DAE03C-A730-4125-B310-656D64BA28F0}.Debug|x64.Build.0 = Debug|Any CPU
		{60DAE03C-A730-4125-B310-656D64BA28F0}.Debug|x86.ActiveCfg = Debug|Any CPU
		{60DAE03C-A730-4125-B310-656D64BA28F0}.Debug|x86.Build.0 = Debug|Any CPU
		{60DAE03C-A730-4125-B310-656D64BA28F0}.Release|Any CPU.ActiveCfg = Release|Any CPU
		{60DAE03C-A730-4125-B310-656D64BA28F0}.Release|Any CPU.Build.0 = Release|Any CPU
		{60DAE03C-A730-4125-B310-656D64BA28F0}.Release|x64.ActiveCfg = Release|Any CPU
		{60DAE03C-A730-4125-B310-656D64BA28F0}.Release|x64.Build.0 = Release|Any CPU
		{60DAE03C-A730-4125-B310-656D64BA28F0}.Release|x86.ActiveCfg = Release|Any CPU
		{60DAE03C-A730-4125-B310-656D64BA28F0}.Release|x86.Build.0 = Release|Any CPU
		{1906CE1B-FB94-4E2B-8EF7-44A927277BEA}.Debug|Any CPU.ActiveCfg = Debug|Any CPU
		{1906CE1B-FB94-4E2B-8EF7-44A927277BEA}.Debug|Any CPU.Build.0 = Debug|Any CPU
		{1906CE1B-FB94-4E2B-8EF7-44A927277BEA}.Debug|x64.ActiveCfg = Debug|Any CPU
		{1906CE1B-FB94-4E2B-8EF7-44A927277BEA}.Debug|x64.Build.0 = Debug|Any CPU
		{1906CE1B-FB94-4E2B-8EF7-44A927277BEA}.Debug|x86.ActiveCfg = Debug|Any CPU
		{1906CE1B-FB94-4E2B-8EF7-44A927277BEA}.Debug|x86.Build.0 = Debug|Any CPU
		{1906CE1B-FB94-4E2B-8EF7-44A927277BEA}.Release|Any CPU.ActiveCfg = Release|Any CPU
		{1906CE1B-FB94-4E2B-8EF7-44A927277BEA}.Release|Any CPU.Build.0 = Release|Any CPU
		{1906CE1B-FB94-4E2B-8EF7-44A927277BEA}.Release|x64.ActiveCfg = Release|Any CPU
		{1906CE1B-FB94-4E2B-8EF7-44A927277BEA}.Release|x64.Build.0 = Release|Any CPU
		{1906CE1B-FB94-4E2B-8EF7-44A927277BEA}.Release|x86.ActiveCfg = Release|Any CPU
		{1906CE1B-FB94-4E2B-8EF7-44A927277BEA}.Release|x86.Build.0 = Release|Any CPU
		{66B0FC48-A0E5-4266-B557-4D3046A543F7}.Debug|Any CPU.ActiveCfg = Debug|Any CPU
		{66B0FC48-A0E5-4266-B557-4D3046A543F7}.Debug|Any CPU.Build.0 = Debug|Any CPU
		{66B0FC48-A0E5-4266-B557-4D3046A543F7}.Debug|x64.ActiveCfg = Debug|Any CPU
		{66B0FC48-A0E5-4266-B557-4D3046A543F7}.Debug|x64.Build.0 = Debug|Any CPU
		{66B0FC48-A0E5-4266-B557-4D3046A543F7}.Debug|x86.ActiveCfg = Debug|Any CPU
		{66B0FC48-A0E5-4266-B557-4D3046A543F7}.Debug|x86.Build.0 = Debug|Any CPU
		{66B0FC48-A0E5-4266-B557-4D3046A543F7}.Release|Any CPU.ActiveCfg = Release|Any CPU
		{66B0FC48-A0E5-4266-B557-4D3046A543F7}.Release|Any CPU.Build.0 = Release|Any CPU
		{66B0FC48-A0E5-4266-B557-4D3046A543F7}.Release|x64.ActiveCfg = Release|Any CPU
		{66B0FC48-A0E5-4266-B557-4D3046A543F7}.Release|x64.Build.0 = Release|Any CPU
		{66B0FC48-A0E5-4266-B557-4D3046A543F7}.Release|x86.ActiveCfg = Release|Any CPU
		{66B0FC48-A0E5-4266-B557-4D3046A543F7}.Release|x86.Build.0 = Release|Any CPU
		{F495596B-CCE7-4333-BC0D-0BBC1DECC4ED}.Debug|Any CPU.ActiveCfg = Debug|Any CPU
		{F495596B-CCE7-4333-BC0D-0BBC1DECC4ED}.Debug|Any CPU.Build.0 = Debug|Any CPU
		{F495596B-CCE7-4333-BC0D-0BBC1DECC4ED}.Debug|x64.ActiveCfg = Debug|Any CPU
		{F495596B-CCE7-4333-BC0D-0BBC1DECC4ED}.Debug|x64.Build.0 = Debug|Any CPU
		{F495596B-CCE7-4333-BC0D-0BBC1DECC4ED}.Debug|x86.ActiveCfg = Debug|Any CPU
		{F495596B-CCE7-4333-BC0D-0BBC1DECC4ED}.Debug|x86.Build.0 = Debug|Any CPU
		{F495596B-CCE7-4333-BC0D-0BBC1DECC4ED}.Release|Any CPU.ActiveCfg = Release|Any CPU
		{F495596B-CCE7-4333-BC0D-0BBC1DECC4ED}.Release|Any CPU.Build.0 = Release|Any CPU
		{F495596B-CCE7-4333-BC0D-0BBC1DECC4ED}.Release|x64.ActiveCfg = Release|Any CPU
		{F495596B-CCE7-4333-BC0D-0BBC1DECC4ED}.Release|x64.Build.0 = Release|Any CPU
		{F495596B-CCE7-4333-BC0D-0BBC1DECC4ED}.Release|x86.ActiveCfg = Release|Any CPU
		{F495596B-CCE7-4333-BC0D-0BBC1DECC4ED}.Release|x86.Build.0 = Release|Any CPU
		{1E89800B-CADE-43DC-ABB9-DB6D83E6162F}.Debug|Any CPU.ActiveCfg = Debug|Any CPU
		{1E89800B-CADE-43DC-ABB9-DB6D83E6162F}.Debug|Any CPU.Build.0 = Debug|Any CPU
		{1E89800B-CADE-43DC-ABB9-DB6D83E6162F}.Debug|x64.ActiveCfg = Debug|Any CPU
		{1E89800B-CADE-43DC-ABB9-DB6D83E6162F}.Debug|x64.Build.0 = Debug|Any CPU
		{1E89800B-CADE-43DC-ABB9-DB6D83E6162F}.Debug|x86.ActiveCfg = Debug|Any CPU
		{1E89800B-CADE-43DC-ABB9-DB6D83E6162F}.Debug|x86.Build.0 = Debug|Any CPU
		{1E89800B-CADE-43DC-ABB9-DB6D83E6162F}.Release|Any CPU.ActiveCfg = Release|Any CPU
		{1E89800B-CADE-43DC-ABB9-DB6D83E6162F}.Release|Any CPU.Build.0 = Release|Any CPU
		{1E89800B-CADE-43DC-ABB9-DB6D83E6162F}.Release|x64.ActiveCfg = Release|Any CPU
		{1E89800B-CADE-43DC-ABB9-DB6D83E6162F}.Release|x64.Build.0 = Release|Any CPU
		{1E89800B-CADE-43DC-ABB9-DB6D83E6162F}.Release|x86.ActiveCfg = Release|Any CPU
		{1E89800B-CADE-43DC-ABB9-DB6D83E6162F}.Release|x86.Build.0 = Release|Any CPU
		{DD91A61F-F025-4DEE-9A04-4CC62BEFA293}.Debug|Any CPU.ActiveCfg = Debug|Any CPU
		{DD91A61F-F025-4DEE-9A04-4CC62BEFA293}.Debug|Any CPU.Build.0 = Debug|Any CPU
		{DD91A61F-F025-4DEE-9A04-4CC62BEFA293}.Debug|x64.ActiveCfg = Debug|Any CPU
		{DD91A61F-F025-4DEE-9A04-4CC62BEFA293}.Debug|x64.Build.0 = Debug|Any CPU
		{DD91A61F-F025-4DEE-9A04-4CC62BEFA293}.Debug|x86.ActiveCfg = Debug|Any CPU
		{DD91A61F-F025-4DEE-9A04-4CC62BEFA293}.Debug|x86.Build.0 = Debug|Any CPU
		{DD91A61F-F025-4DEE-9A04-4CC62BEFA293}.Release|Any CPU.ActiveCfg = Release|Any CPU
		{DD91A61F-F025-4DEE-9A04-4CC62BEFA293}.Release|Any CPU.Build.0 = Release|Any CPU
		{DD91A61F-F025-4DEE-9A04-4CC62BEFA293}.Release|x64.ActiveCfg = Release|Any CPU
		{DD91A61F-F025-4DEE-9A04-4CC62BEFA293}.Release|x64.Build.0 = Release|Any CPU
		{DD91A61F-F025-4DEE-9A04-4CC62BEFA293}.Release|x86.ActiveCfg = Release|Any CPU
		{DD91A61F-F025-4DEE-9A04-4CC62BEFA293}.Release|x86.Build.0 = Release|Any CPU
		{AA05377B-4E73-476E-B9C1-A9ECFBE85142}.Debug|Any CPU.ActiveCfg = Debug|Any CPU
		{AA05377B-4E73-476E-B9C1-A9ECFBE85142}.Debug|Any CPU.Build.0 = Debug|Any CPU
		{AA05377B-4E73-476E-B9C1-A9ECFBE85142}.Debug|x64.ActiveCfg = Debug|Any CPU
		{AA05377B-4E73-476E-B9C1-A9ECFBE85142}.Debug|x64.Build.0 = Debug|Any CPU
		{AA05377B-4E73-476E-B9C1-A9ECFBE85142}.Debug|x86.ActiveCfg = Debug|Any CPU
		{AA05377B-4E73-476E-B9C1-A9ECFBE85142}.Debug|x86.Build.0 = Debug|Any CPU
		{AA05377B-4E73-476E-B9C1-A9ECFBE85142}.Release|Any CPU.ActiveCfg = Release|Any CPU
		{AA05377B-4E73-476E-B9C1-A9ECFBE85142}.Release|Any CPU.Build.0 = Release|Any CPU
		{AA05377B-4E73-476E-B9C1-A9ECFBE85142}.Release|x64.ActiveCfg = Release|Any CPU
		{AA05377B-4E73-476E-B9C1-A9ECFBE85142}.Release|x64.Build.0 = Release|Any CPU
		{AA05377B-4E73-476E-B9C1-A9ECFBE85142}.Release|x86.ActiveCfg = Release|Any CPU
		{AA05377B-4E73-476E-B9C1-A9ECFBE85142}.Release|x86.Build.0 = Release|Any CPU
		{BE722554-C2CE-4D89-83F4-CF842AEACD05}.Debug|Any CPU.ActiveCfg = Debug|Any CPU
		{BE722554-C2CE-4D89-83F4-CF842AEACD05}.Debug|Any CPU.Build.0 = Debug|Any CPU
		{BE722554-C2CE-4D89-83F4-CF842AEACD05}.Debug|x64.ActiveCfg = Debug|Any CPU
		{BE722554-C2CE-4D89-83F4-CF842AEACD05}.Debug|x64.Build.0 = Debug|Any CPU
		{BE722554-C2CE-4D89-83F4-CF842AEACD05}.Debug|x86.ActiveCfg = Debug|Any CPU
		{BE722554-C2CE-4D89-83F4-CF842AEACD05}.Debug|x86.Build.0 = Debug|Any CPU
		{BE722554-C2CE-4D89-83F4-CF842AEACD05}.Release|Any CPU.ActiveCfg = Release|Any CPU
		{BE722554-C2CE-4D89-83F4-CF842AEACD05}.Release|Any CPU.Build.0 = Release|Any CPU
		{BE722554-C2CE-4D89-83F4-CF842AEACD05}.Release|x64.ActiveCfg = Release|Any CPU
		{BE722554-C2CE-4D89-83F4-CF842AEACD05}.Release|x64.Build.0 = Release|Any CPU
		{BE722554-C2CE-4D89-83F4-CF842AEACD05}.Release|x86.ActiveCfg = Release|Any CPU
		{BE722554-C2CE-4D89-83F4-CF842AEACD05}.Release|x86.Build.0 = Release|Any CPU
		{E1282732-27B4-44F6-8CE1-B6ECEF5BDDF2}.Debug|Any CPU.ActiveCfg = Debug|Any CPU
		{E1282732-27B4-44F6-8CE1-B6ECEF5BDDF2}.Debug|Any CPU.Build.0 = Debug|Any CPU
		{E1282732-27B4-44F6-8CE1-B6ECEF5BDDF2}.Debug|x64.ActiveCfg = Debug|Any CPU
		{E1282732-27B4-44F6-8CE1-B6ECEF5BDDF2}.Debug|x64.Build.0 = Debug|Any CPU
		{E1282732-27B4-44F6-8CE1-B6ECEF5BDDF2}.Debug|x86.ActiveCfg = Debug|Any CPU
		{E1282732-27B4-44F6-8CE1-B6ECEF5BDDF2}.Debug|x86.Build.0 = Debug|Any CPU
		{E1282732-27B4-44F6-8CE1-B6ECEF5BDDF2}.Release|Any CPU.ActiveCfg = Release|Any CPU
		{E1282732-27B4-44F6-8CE1-B6ECEF5BDDF2}.Release|Any CPU.Build.0 = Release|Any CPU
		{E1282732-27B4-44F6-8CE1-B6ECEF5BDDF2}.Release|x64.ActiveCfg = Release|Any CPU
		{E1282732-27B4-44F6-8CE1-B6ECEF5BDDF2}.Release|x64.Build.0 = Release|Any CPU
		{E1282732-27B4-44F6-8CE1-B6ECEF5BDDF2}.Release|x86.ActiveCfg = Release|Any CPU
		{E1282732-27B4-44F6-8CE1-B6ECEF5BDDF2}.Release|x86.Build.0 = Release|Any CPU
		{33F8BA72-9678-4309-A558-256E4D01EC1A}.Debug|Any CPU.ActiveCfg = Debug|Any CPU
		{33F8BA72-9678-4309-A558-256E4D01EC1A}.Debug|Any CPU.Build.0 = Debug|Any CPU
		{33F8BA72-9678-4309-A558-256E4D01EC1A}.Debug|x64.ActiveCfg = Debug|Any CPU
		{33F8BA72-9678-4309-A558-256E4D01EC1A}.Debug|x64.Build.0 = Debug|Any CPU
		{33F8BA72-9678-4309-A558-256E4D01EC1A}.Debug|x86.ActiveCfg = Debug|Any CPU
		{33F8BA72-9678-4309-A558-256E4D01EC1A}.Debug|x86.Build.0 = Debug|Any CPU
		{33F8BA72-9678-4309-A558-256E4D01EC1A}.Release|Any CPU.ActiveCfg = Release|Any CPU
		{33F8BA72-9678-4309-A558-256E4D01EC1A}.Release|Any CPU.Build.0 = Release|Any CPU
		{33F8BA72-9678-4309-A558-256E4D01EC1A}.Release|x64.ActiveCfg = Release|Any CPU
		{33F8BA72-9678-4309-A558-256E4D01EC1A}.Release|x64.Build.0 = Release|Any CPU
		{33F8BA72-9678-4309-A558-256E4D01EC1A}.Release|x86.ActiveCfg = Release|Any CPU
		{33F8BA72-9678-4309-A558-256E4D01EC1A}.Release|x86.Build.0 = Release|Any CPU
	EndGlobalSection
	GlobalSection(SolutionProperties) = preSolution
		HideSolutionNode = FALSE
	EndGlobalSection
	GlobalSection(NestedProjects) = preSolution
		{6578674B-74B0-4CBE-B462-E1BC4FFDBC60} = {827E0CD3-B72D-47B6-A68D-7590B98EB39B}
		{3A6D3050-5C90-4BB6-97EB-916E982670EC} = {827E0CD3-B72D-47B6-A68D-7590B98EB39B}
		{ACCCF817-BA52-4F8D-8D5D-6922A324CBB1} = {827E0CD3-B72D-47B6-A68D-7590B98EB39B}
		{45AC411D-4B37-454B-AD94-0C363D8A0EBB} = {827E0CD3-B72D-47B6-A68D-7590B98EB39B}
		{0CF9732E-1A27-4353-A26E-917F81728237} = {827E0CD3-B72D-47B6-A68D-7590B98EB39B}
		{C3A2FBC2-6F63-4B3B-B106-0DE6A56E8480} = {0AB3BF05-4346-4AA6-1389-037BE0695223}
		{4A8DB526-E63F-4464-8ECC-6FE063FF29A6} = {0AB3BF05-4346-4AA6-1389-037BE0695223}
		{83C090E4-9B96-4C72-A46B-CAE5CC4DE39E} = {0AB3BF05-4346-4AA6-1389-037BE0695223}
		{D98D33A6-8161-42A3-92DD-EA462E8C0471} = {0AB3BF05-4346-4AA6-1389-037BE0695223}
		{A8C5589E-A1BA-4445-84C5-197E0E80CE72} = {0AB3BF05-4346-4AA6-1389-037BE0695223}
		{92E61754-77E8-4035-85FC-AF90B83A7C2F} = {0AB3BF05-4346-4AA6-1389-037BE0695223}
		{16FC3D3F-6888-4776-B2B6-F40A25F63F3E} = {827E0CD3-B72D-47B6-A68D-7590B98EB39B}
		{6F3DAB8E-B599-40E8-BFBD-1BAF7F3FE725} = {827E0CD3-B72D-47B6-A68D-7590B98EB39B}
		{320AAFB3-384D-4754-8229-761F450B4C97} = {827E0CD3-B72D-47B6-A68D-7590B98EB39B}
		{5A19783B-1D9A-4FBD-8C3F-41B582089FB1} = {0AB3BF05-4346-4AA6-1389-037BE0695223}
		{3A90AE29-33DB-4241-9BB5-8578067C9A49} = {0AB3BF05-4346-4AA6-1389-037BE0695223}
		{10D68F1A-23BB-43BF-BC90-1BC0D73F0BFB} = {0AB3BF05-4346-4AA6-1389-037BE0695223}
		{060E3A4E-FD2E-41BB-936C-B91AF91BB628} = {0AB3BF05-4346-4AA6-1389-037BE0695223}
		{60DAE03C-A730-4125-B310-656D64BA28F0} = {827E0CD3-B72D-47B6-A68D-7590B98EB39B}
		{1906CE1B-FB94-4E2B-8EF7-44A927277BEA} = {827E0CD3-B72D-47B6-A68D-7590B98EB39B}
		{66B0FC48-A0E5-4266-B557-4D3046A543F7} = {827E0CD3-B72D-47B6-A68D-7590B98EB39B}
		{F495596B-CCE7-4333-BC0D-0BBC1DECC4ED} = {827E0CD3-B72D-47B6-A68D-7590B98EB39B}
		{1E89800B-CADE-43DC-ABB9-DB6D83E6162F} = {827E0CD3-B72D-47B6-A68D-7590B98EB39B}
		{DD91A61F-F025-4DEE-9A04-4CC62BEFA293} = {827E0CD3-B72D-47B6-A68D-7590B98EB39B}
		{AA05377B-4E73-476E-B9C1-A9ECFBE85142} = {827E0CD3-B72D-47B6-A68D-7590B98EB39B}
		{BE722554-C2CE-4D89-83F4-CF842AEACD05} = {827E0CD3-B72D-47B6-A68D-7590B98EB39B}
		{E1282732-27B4-44F6-8CE1-B6ECEF5BDDF2} = {0AB3BF05-4346-4AA6-1389-037BE0695223}
		{33F8BA72-9678-4309-A558-256E4D01EC1A} = {0AB3BF05-4346-4AA6-1389-037BE0695223}
	EndGlobalSection
EndGlobal
