
Microsoft Visual Studio Solution File, Format Version 12.00
# Visual Studio Version 17
VisualStudioVersion = 17.0.31903.59
MinimumVisualStudioVersion = 10.0.40219.1
Project("{2150E333-8FDC-42A3-9474-1A3956D46DE8}") = "solution", "solution", "{9F488F1B-06A0-4D45-928C-FAB6321BCEAD}"
	ProjectSection(SolutionItems) = preProject
		Directory.Packages.props = Directory.Packages.props
		Directory.Build.props = Directory.Build.props
		LICENSE = LICENSE
		README.md = README.md
		AGENTS.md = AGENTS.md
	EndProjectSection
EndProject
Project("{2150E333-8FDC-42A3-9474-1A3956D46DE8}") = "src", "src", "{827E0CD3-B72D-47B6-A68D-7590B98EB39B}"
EndProject
Project("{2150E333-8FDC-42A3-9474-1A3956D46DE8}") = "Deployment", "Deployment", "{964F1FA4-A6EB-A446-41C3-2CF0CA476F8C}"
EndProject
Project("{FAE04EC0-301F-11D3-BF4B-00C04F79EFBC}") = "ValenceControl.Deployment.Abstractions", "src\Deployment\ValenceControl.Deployment.Abstractions\ValenceControl.Deployment.Abstractions.csproj", "{55636E45-66A4-4520-978A-C9AFE52BC939}"
EndProject
Project("{FAE04EC0-301F-11D3-BF4B-00C04F79EFBC}") = "ValenceControl.Deployment.Artifacts", "src\Deployment\ValenceControl.Deployment.Artifacts\ValenceControl.Deployment.Artifacts.csproj", "{45304C4B-4047-4267-8AEE-807BA196A986}"
EndProject
Project("{FAE04EC0-301F-11D3-BF4B-00C04F79EFBC}") = "ValenceControl.Deployment.Manifest", "src\Deployment\ValenceControl.Deployment.Manifest\ValenceControl.Deployment.Manifest.csproj", "{271FDD2D-03B5-4A18-83D8-9274F068B777}"
EndProject
Project("{FAE04EC0-301F-11D3-BF4B-00C04F79EFBC}") = "ValenceControl.Deployment.Core", "src\Deployment\ValenceControl.Deployment.Core\ValenceControl.Deployment.Core.csproj", "{8ADF2296-BFA2-4D46-9D9D-86BAB5392FFD}"
EndProject
Project("{FAE04EC0-301F-11D3-BF4B-00C04F79EFBC}") = "ValenceControl.Deployment.Engine", "src\Deployment\ValenceControl.Deployment.Engine\ValenceControl.Deployment.Engine.csproj", "{71CCC997-233F-40AF-B58A-FEB2140D615C}"
EndProject
Project("{2150E333-8FDC-42A3-9474-1A3956D46DE8}") = "Hosting", "Hosting", "{F489E2D5-C65D-9AA9-2B96-C7DF79630172}"
EndProject
Project("{FAE04EC0-301F-11D3-BF4B-00C04F79EFBC}") = "ValenceControl.Api", "src\Hosting\ValenceControl.Api\ValenceControl.Api.csproj", "{5AA21CCB-7D88-4CFE-AAC7-E8364AF14DAC}"
EndProject
Project("{FAE04EC0-301F-11D3-BF4B-00C04F79EFBC}") = "ValenceControl.PackageCatalog.Abstractions", "src\PackageCatalog\ValenceControl.PackageCatalog.Abstractions\ValenceControl.PackageCatalog.Abstractions.csproj", "{9DD03983-E68B-4292-A233-5648AD4816D3}"
EndProject
Project("{FAE04EC0-301F-11D3-BF4B-00C04F79EFBC}") = "ValenceControl.PackageManifests", "src\PackageManifests\ValenceControl.PackageManifests\ValenceControl.PackageManifests.csproj", "{0D9F2BF3-FEEE-4601-B681-45C4FD2CDFE4}"
EndProject
Project("{FAE04EC0-301F-11D3-BF4B-00C04F79EFBC}") = "ValenceControl.PackageCatalog.Core", "src\PackageCatalog\ValenceControl.PackageCatalog.Core\ValenceControl.PackageCatalog.Core.csproj", "{C27149CE-CE0C-4A73-BD79-4B5AC3DE4672}"
EndProject
Project("{FAE04EC0-301F-11D3-BF4B-00C04F79EFBC}") = "ValenceControl.PackageCatalog.Persistence.EntityFrameworkCore", "src\PackageCatalog\ValenceControl.PackageCatalog.Persistence.EntityFrameworkCore\ValenceControl.PackageCatalog.Persistence.EntityFrameworkCore.csproj", "{B6076939-9CEF-4FF0-A9BA-7C9D64823FE2}"
EndProject
Project("{FAE04EC0-301F-11D3-BF4B-00C04F79EFBC}") = "ValenceControl.RuntimeBuilder.Abstractions", "src\RuntimeBuilder\ValenceControl.RuntimeBuilder.Abstractions\ValenceControl.RuntimeBuilder.Abstractions.csproj", "{3A12ADD9-91EF-4363-BB8A-EC90CED6098A}"
EndProject
Project("{FAE04EC0-301F-11D3-BF4B-00C04F79EFBC}") = "ValenceControl.Weaver.Core", "src\Weaver\ValenceControl.Weaver.Core\ValenceControl.Weaver.Core.csproj", "{D817BFAA-1A28-4E5C-8509-86BA8EC7216E}"
EndProject
Project("{FAE04EC0-301F-11D3-BF4B-00C04F79EFBC}") = "ValenceControl.PackageCatalog.Persistence.SqliteMigrations", "src\PackageCatalog\ValenceControl.PackageCatalog.Persistence.SqliteMigrations\ValenceControl.PackageCatalog.Persistence.SqliteMigrations.csproj", "{8B49AFCB-47CE-4BB3-8C9D-8F098D773E60}"
EndProject
Project("{FAE04EC0-301F-11D3-BF4B-00C04F79EFBC}") = "ValenceControl.PackageCatalog.Persistence.SqlServerMigrations", "src\PackageCatalog\ValenceControl.PackageCatalog.Persistence.SqlServerMigrations\ValenceControl.PackageCatalog.Persistence.SqlServerMigrations.csproj", "{6E1B0D9D-D0AA-4227-857B-A4B33ABF49CB}"
EndProject
Project("{FAE04EC0-301F-11D3-BF4B-00C04F79EFBC}") = "ValenceControl.PackageCatalog.Sources.NuGet", "src\PackageCatalog\ValenceControl.PackageCatalog.Sources.NuGet\ValenceControl.PackageCatalog.Sources.NuGet.csproj", "{95F47396-8AE4-46FD-8C5A-82FAC9588F12}"
EndProject
Project("{FAE04EC0-301F-11D3-BF4B-00C04F79EFBC}") = "ValenceControl.ServiceDefaults", "src\Hosting\ValenceControl.ServiceDefaults\ValenceControl.ServiceDefaults.csproj", "{3825D060-8F19-4EDA-9D7F-8ADAB60F28FB}"
EndProject
Project("{FAE04EC0-301F-11D3-BF4B-00C04F79EFBC}") = "ValenceControl.RuntimeBuilder.Core", "src\RuntimeBuilder\ValenceControl.RuntimeBuilder.Core\ValenceControl.RuntimeBuilder.Core.csproj", "{4E51D0A4-BD50-4CCE-AA76-8BD845C5DFBF}"
EndProject
Project("{FAE04EC0-301F-11D3-BF4B-00C04F79EFBC}") = "ValenceControl.RuntimeBuilder.DeploymentTemplates", "src\RuntimeBuilder\ValenceControl.RuntimeBuilder.DeploymentTemplates\ValenceControl.RuntimeBuilder.DeploymentTemplates.csproj", "{A674D673-81B6-4E21-8A2E-E04D65FDF458}"
EndProject
Project("{FAE04EC0-301F-11D3-BF4B-00C04F79EFBC}") = "ValenceControl.AppHost", "src\Hosting\ValenceControl.AppHost\ValenceControl.AppHost.csproj", "{7F2CD1F4-8335-4E39-A998-36739A278FB6}"
EndProject
Project("{2150E333-8FDC-42A3-9474-1A3956D46DE8}") = "PackageCatalog", "PackageCatalog", "{67D072D0-5960-36DD-62EE-E86F26EB70B5}"
EndProject
Project("{2150E333-8FDC-42A3-9474-1A3956D46DE8}") = "PackageManifests", "PackageManifests", "{456C3C34-037B-595C-0FAA-95E3F0B1B872}"
EndProject
Project("{FAE04EC0-301F-11D3-BF4B-00C04F79EFBC}") = "ValenceControl.PackageManifest.Generator.Core", "src\PackageManifests\ValenceControl.PackageManifest.Generator.Core\ValenceControl.PackageManifest.Generator.Core.csproj", "{0E92E0E0-AC9C-4CDE-820F-197BE12334CC}"
EndProject
Project("{FAE04EC0-301F-11D3-BF4B-00C04F79EFBC}") = "ValenceControl.PackageManifest.Generator.MSBuild", "src\PackageManifests\ValenceControl.PackageManifest.Generator.MSBuild\ValenceControl.PackageManifest.Generator.MSBuild.csproj", "{DEAE2D00-C1BC-4E0A-888B-AD89D3880B2F}"
EndProject
Project("{FAE04EC0-301F-11D3-BF4B-00C04F79EFBC}") = "ValenceControl.PackageManifest.Generator", "src\PackageManifests\ValenceControl.PackageManifest.Generator\ValenceControl.PackageManifest.Generator.csproj", "{1480A571-6A3B-403E-BA93-4AB485A8F18D}"
EndProject
Project("{2150E333-8FDC-42A3-9474-1A3956D46DE8}") = "RuntimeBuilder", "RuntimeBuilder", "{DF6BE8B2-2D07-966B-2358-367643AFBACF}"
EndProject
Project("{2150E333-8FDC-42A3-9474-1A3956D46DE8}") = "Studio", "Studio", "{2B4E54AC-7DEF-1549-9779-3DE57D644187}"
EndProject
Project("{FAE04EC0-301F-11D3-BF4B-00C04F79EFBC}") = "ValenceControl.Studio.Submit", "src\Studio\ValenceControl.Studio.Submit\ValenceControl.Studio.Submit.csproj", "{2F003956-7C23-4129-A891-06ADF8DB403F}"
EndProject
Project("{2150E333-8FDC-42A3-9474-1A3956D46DE8}") = "Weaver", "Weaver", "{0CFFCF7B-7EE3-F8D0-1ECE-D64A1E3809D3}"
EndProject
Project("{2150E333-8FDC-42A3-9474-1A3956D46DE8}") = "Workflows", "Workflows", "{F0A602FC-B6B3-0309-A4D0-A7C9FDC897AA}"
EndProject
Project("{FAE04EC0-301F-11D3-BF4B-00C04F79EFBC}") = "ValenceControl.Workflows.RuntimeApplier", "src\Workflows\ValenceControl.Workflows.RuntimeApplier\ValenceControl.Workflows.RuntimeApplier.csproj", "{BFF45C7B-4EFC-4DD3-8B7E-C558C6E52742}"
EndProject
Project("{2150E333-8FDC-42A3-9474-1A3956D46DE8}") = "tests", "tests", "{0AB3BF05-4346-4AA6-1389-037BE0695223}"
EndProject
Project("{2150E333-8FDC-42A3-9474-1A3956D46DE8}") = "Deployment", "Deployment", "{5A0DE6C7-07AA-9AAA-1A56-6E721FFE2664}"
EndProject
Project("{FAE04EC0-301F-11D3-BF4B-00C04F79EFBC}") = "ValenceControl.Deployment.Abstractions.Tests", "tests\Deployment\ValenceControl.Deployment.Abstractions.Tests\ValenceControl.Deployment.Abstractions.Tests.csproj", "{78CF743A-01B7-4EC9-A1FD-3F5AE0B2780D}"
EndProject
Project("{FAE04EC0-301F-11D3-BF4B-00C04F79EFBC}") = "ValenceControl.Deployment.Artifacts.Tests", "tests\Deployment\ValenceControl.Deployment.Artifacts.Tests\ValenceControl.Deployment.Artifacts.Tests.csproj", "{0B1AE97B-9BA3-4CFB-8654-510E598E27F0}"
EndProject
Project("{FAE04EC0-301F-11D3-BF4B-00C04F79EFBC}") = "ValenceControl.Deployment.Core.Tests", "tests\Deployment\ValenceControl.Deployment.Core.Tests\ValenceControl.Deployment.Core.Tests.csproj", "{942554AF-92AB-4942-9A0D-9D07DDBA3B36}"
EndProject
Project("{FAE04EC0-301F-11D3-BF4B-00C04F79EFBC}") = "ValenceControl.Deployment.Engine.Tests", "tests\Deployment\ValenceControl.Deployment.Engine.Tests\ValenceControl.Deployment.Engine.Tests.csproj", "{D7DE6CE3-A07D-4DD8-A0AE-515BE23EC506}"
EndProject
Project("{FAE04EC0-301F-11D3-BF4B-00C04F79EFBC}") = "ValenceControl.Deployment.Manifest.Tests", "tests\Deployment\ValenceControl.Deployment.Manifest.Tests\ValenceControl.Deployment.Manifest.Tests.csproj", "{73E06119-56CA-4C6D-9C8E-D6DD46A4A77D}"
EndProject
Project("{2150E333-8FDC-42A3-9474-1A3956D46DE8}") = "Hosting", "Hosting", "{2A5903AA-195D-83FB-6F94-018C32AA5AC8}"
EndProject
Project("{FAE04EC0-301F-11D3-BF4B-00C04F79EFBC}") = "ValenceControl.Api.Tests", "tests\Hosting\ValenceControl.Api.Tests\ValenceControl.Api.Tests.csproj", "{FE000C14-957F-43F9-93DE-6D2DC317437A}"
EndProject
Project("{FAE04EC0-301F-11D3-BF4B-00C04F79EFBC}") = "ValenceControl.PackageCatalog.Testing", "tests\PackageCatalog\ValenceControl.PackageCatalog.Testing\ValenceControl.PackageCatalog.Testing.csproj", "{DB8F0106-8A27-4660-8648-C995263D10DC}"
EndProject
Project("{2150E333-8FDC-42A3-9474-1A3956D46DE8}") = "PackageCatalog", "PackageCatalog", "{4C372400-8648-52E2-8A04-6086782FAE0B}"
EndProject
Project("{FAE04EC0-301F-11D3-BF4B-00C04F79EFBC}") = "ValenceControl.PackageCatalog.Abstractions.Tests", "tests\PackageCatalog\ValenceControl.PackageCatalog.Abstractions.Tests\ValenceControl.PackageCatalog.Abstractions.Tests.csproj", "{4827F874-3840-4F59-82D2-144982E13652}"
EndProject
Project("{FAE04EC0-301F-11D3-BF4B-00C04F79EFBC}") = "ValenceControl.PackageCatalog.Core.Tests", "tests\PackageCatalog\ValenceControl.PackageCatalog.Core.Tests\ValenceControl.PackageCatalog.Core.Tests.csproj", "{4103BB6E-CB27-4BCB-812A-2123BFB7E6F9}"
EndProject
Project("{FAE04EC0-301F-11D3-BF4B-00C04F79EFBC}") = "ValenceControl.PackageCatalog.Persistence.EntityFrameworkCore.Tests", "tests\PackageCatalog\ValenceControl.PackageCatalog.Persistence.EntityFrameworkCore.Tests\ValenceControl.PackageCatalog.Persistence.EntityFrameworkCore.Tests.csproj", "{7D3FDBA2-FB55-4CF9-A61C-FAA9907A53A5}"
EndProject
Project("{FAE04EC0-301F-11D3-BF4B-00C04F79EFBC}") = "ValenceControl.PackageCatalog.Sources.NuGet.Tests", "tests\PackageCatalog\ValenceControl.PackageCatalog.Sources.NuGet.Tests\ValenceControl.PackageCatalog.Sources.NuGet.Tests.csproj", "{438D02BA-E3CB-4C38-BC85-1830DCCF362F}"
EndProject
Project("{2150E333-8FDC-42A3-9474-1A3956D46DE8}") = "PackageManifests", "PackageManifests", "{8FF838C8-B9D4-3010-900E-E77C123E624B}"
EndProject
Project("{FAE04EC0-301F-11D3-BF4B-00C04F79EFBC}") = "ValenceControl.PackageManifest.Generator.Core.Tests", "tests\PackageManifests\ValenceControl.PackageManifest.Generator.Core.Tests\ValenceControl.PackageManifest.Generator.Core.Tests.csproj", "{27168B62-FAF7-4E9D-B2AC-60391961EA3E}"
EndProject
Project("{FAE04EC0-301F-11D3-BF4B-00C04F79EFBC}") = "ValenceControl.PackageManifest.Generator.Testing", "tests\PackageManifests\ValenceControl.PackageManifest.Generator.Testing\ValenceControl.PackageManifest.Generator.Testing.csproj", "{47260455-EA92-4B0E-8506-64B5D7C0A555}"
EndProject
Project("{FAE04EC0-301F-11D3-BF4B-00C04F79EFBC}") = "ValenceControl.PackageManifest.Generator.IntegrationTests", "tests\PackageManifests\ValenceControl.PackageManifest.Generator.IntegrationTests\ValenceControl.PackageManifest.Generator.IntegrationTests.csproj", "{08712CCD-3ED3-4B21-BE85-8F875E79E971}"
EndProject
Project("{FAE04EC0-301F-11D3-BF4B-00C04F79EFBC}") = "ValenceControl.PackageManifest.Generator.MSBuild.Tests", "tests\PackageManifests\ValenceControl.PackageManifest.Generator.MSBuild.Tests\ValenceControl.PackageManifest.Generator.MSBuild.Tests.csproj", "{75635414-C370-4F2B-B920-F6FA31C7B0DE}"
EndProject
Project("{FAE04EC0-301F-11D3-BF4B-00C04F79EFBC}") = "ValenceControl.PackageManifests.Tests", "tests\PackageManifests\ValenceControl.PackageManifests.Tests\ValenceControl.PackageManifests.Tests.csproj", "{94D77A0C-C34C-4F3B-84F0-666B72AE3816}"
EndProject
Project("{2150E333-8FDC-42A3-9474-1A3956D46DE8}") = "RuntimeBuilder", "RuntimeBuilder", "{CCAF1C0A-4FB5-A81C-C078-EA082DDB7ABD}"
EndProject
Project("{FAE04EC0-301F-11D3-BF4B-00C04F79EFBC}") = "ValenceControl.RuntimeBuilder.Core.Tests", "tests\RuntimeBuilder\ValenceControl.RuntimeBuilder.Core.Tests\ValenceControl.RuntimeBuilder.Core.Tests.csproj", "{23AB0DBB-DB67-4CD5-99DB-F0950785E73C}"
EndProject
Project("{2150E333-8FDC-42A3-9474-1A3956D46DE8}") = "Studio", "Studio", "{2C920A23-D610-5BCD-25E5-3C62F0764F07}"
EndProject
Project("{FAE04EC0-301F-11D3-BF4B-00C04F79EFBC}") = "ValenceControl.Studio.Submit.Tests", "tests\Studio\ValenceControl.Studio.Submit.Tests\ValenceControl.Studio.Submit.Tests.csproj", "{C187949B-DF63-4166-B957-5CA1CA941FFC}"
EndProject
Project("{2150E333-8FDC-42A3-9474-1A3956D46DE8}") = "Weaver", "Weaver", "{49963D9A-FDFD-D35F-53D9-F4A4F72AE25E}"
EndProject
Project("{FAE04EC0-301F-11D3-BF4B-00C04F79EFBC}") = "ValenceControl.Weaver.Core.Tests", "tests\Weaver\ValenceControl.Weaver.Core.Tests\ValenceControl.Weaver.Core.Tests.csproj", "{B4BF367F-9A7A-4C91-ACFF-13A0130BDFDC}"
EndProject
Project("{2150E333-8FDC-42A3-9474-1A3956D46DE8}") = "Workflows", "Workflows", "{03FE7874-62DA-4180-2F81-EE9204FA925B}"
EndProject
Project("{FAE04EC0-301F-11D3-BF4B-00C04F79EFBC}") = "ValenceControl.Workflows.RuntimeApplier.Tests", "tests\Workflows\ValenceControl.Workflows.RuntimeApplier.Tests\ValenceControl.Workflows.RuntimeApplier.Tests.csproj", "{D181A616-ED58-42D2-99A6-36721FB463CA}"
EndProject
Global
	GlobalSection(SolutionConfigurationPlatforms) = preSolution
		Debug|Any CPU = Debug|Any CPU
		Debug|x64 = Debug|x64
		Debug|x86 = Debug|x86
		Release|Any CPU = Release|Any CPU
		Release|x64 = Release|x64
		Release|x86 = Release|x86
	EndGlobalSection
	GlobalSection(ProjectConfigurationPlatforms) = postSolution
		{55636E45-66A4-4520-978A-C9AFE52BC939}.Debug|Any CPU.ActiveCfg = Debug|Any CPU
		{55636E45-66A4-4520-978A-C9AFE52BC939}.Debug|Any CPU.Build.0 = Debug|Any CPU
		{55636E45-66A4-4520-978A-C9AFE52BC939}.Debug|x64.ActiveCfg = Debug|Any CPU
		{55636E45-66A4-4520-978A-C9AFE52BC939}.Debug|x64.Build.0 = Debug|Any CPU
		{55636E45-66A4-4520-978A-C9AFE52BC939}.Debug|x86.ActiveCfg = Debug|Any CPU
		{55636E45-66A4-4520-978A-C9AFE52BC939}.Debug|x86.Build.0 = Debug|Any CPU
		{55636E45-66A4-4520-978A-C9AFE52BC939}.Release|Any CPU.ActiveCfg = Release|Any CPU
		{55636E45-66A4-4520-978A-C9AFE52BC939}.Release|Any CPU.Build.0 = Release|Any CPU
		{55636E45-66A4-4520-978A-C9AFE52BC939}.Release|x64.ActiveCfg = Release|Any CPU
		{55636E45-66A4-4520-978A-C9AFE52BC939}.Release|x64.Build.0 = Release|Any CPU
		{55636E45-66A4-4520-978A-C9AFE52BC939}.Release|x86.ActiveCfg = Release|Any CPU
		{55636E45-66A4-4520-978A-C9AFE52BC939}.Release|x86.Build.0 = Release|Any CPU
		{45304C4B-4047-4267-8AEE-807BA196A986}.Debug|Any CPU.ActiveCfg = Debug|Any CPU
		{45304C4B-4047-4267-8AEE-807BA196A986}.Debug|Any CPU.Build.0 = Debug|Any CPU
		{45304C4B-4047-4267-8AEE-807BA196A986}.Debug|x64.ActiveCfg = Debug|Any CPU
		{45304C4B-4047-4267-8AEE-807BA196A986}.Debug|x64.Build.0 = Debug|Any CPU
		{45304C4B-4047-4267-8AEE-807BA196A986}.Debug|x86.ActiveCfg = Debug|Any CPU
		{45304C4B-4047-4267-8AEE-807BA196A986}.Debug|x86.Build.0 = Debug|Any CPU
		{45304C4B-4047-4267-8AEE-807BA196A986}.Release|Any CPU.ActiveCfg = Release|Any CPU
		{45304C4B-4047-4267-8AEE-807BA196A986}.Release|Any CPU.Build.0 = Release|Any CPU
		{45304C4B-4047-4267-8AEE-807BA196A986}.Release|x64.ActiveCfg = Release|Any CPU
		{45304C4B-4047-4267-8AEE-807BA196A986}.Release|x64.Build.0 = Release|Any CPU
		{45304C4B-4047-4267-8AEE-807BA196A986}.Release|x86.ActiveCfg = Release|Any CPU
		{45304C4B-4047-4267-8AEE-807BA196A986}.Release|x86.Build.0 = Release|Any CPU
		{271FDD2D-03B5-4A18-83D8-9274F068B777}.Debug|Any CPU.ActiveCfg = Debug|Any CPU
		{271FDD2D-03B5-4A18-83D8-9274F068B777}.Debug|Any CPU.Build.0 = Debug|Any CPU
		{271FDD2D-03B5-4A18-83D8-9274F068B777}.Debug|x64.ActiveCfg = Debug|Any CPU
		{271FDD2D-03B5-4A18-83D8-9274F068B777}.Debug|x64.Build.0 = Debug|Any CPU
		{271FDD2D-03B5-4A18-83D8-9274F068B777}.Debug|x86.ActiveCfg = Debug|Any CPU
		{271FDD2D-03B5-4A18-83D8-9274F068B777}.Debug|x86.Build.0 = Debug|Any CPU
		{271FDD2D-03B5-4A18-83D8-9274F068B777}.Release|Any CPU.ActiveCfg = Release|Any CPU
		{271FDD2D-03B5-4A18-83D8-9274F068B777}.Release|Any CPU.Build.0 = Release|Any CPU
		{271FDD2D-03B5-4A18-83D8-9274F068B777}.Release|x64.ActiveCfg = Release|Any CPU
		{271FDD2D-03B5-4A18-83D8-9274F068B777}.Release|x64.Build.0 = Release|Any CPU
		{271FDD2D-03B5-4A18-83D8-9274F068B777}.Release|x86.ActiveCfg = Release|Any CPU
		{271FDD2D-03B5-4A18-83D8-9274F068B777}.Release|x86.Build.0 = Release|Any CPU
		{8ADF2296-BFA2-4D46-9D9D-86BAB5392FFD}.Debug|Any CPU.ActiveCfg = Debug|Any CPU
		{8ADF2296-BFA2-4D46-9D9D-86BAB5392FFD}.Debug|Any CPU.Build.0 = Debug|Any CPU
		{8ADF2296-BFA2-4D46-9D9D-86BAB5392FFD}.Debug|x64.ActiveCfg = Debug|Any CPU
		{8ADF2296-BFA2-4D46-9D9D-86BAB5392FFD}.Debug|x64.Build.0 = Debug|Any CPU
		{8ADF2296-BFA2-4D46-9D9D-86BAB5392FFD}.Debug|x86.ActiveCfg = Debug|Any CPU
		{8ADF2296-BFA2-4D46-9D9D-86BAB5392FFD}.Debug|x86.Build.0 = Debug|Any CPU
		{8ADF2296-BFA2-4D46-9D9D-86BAB5392FFD}.Release|Any CPU.ActiveCfg = Release|Any CPU
		{8ADF2296-BFA2-4D46-9D9D-86BAB5392FFD}.Release|Any CPU.Build.0 = Release|Any CPU
		{8ADF2296-BFA2-4D46-9D9D-86BAB5392FFD}.Release|x64.ActiveCfg = Release|Any CPU
		{8ADF2296-BFA2-4D46-9D9D-86BAB5392FFD}.Release|x64.Build.0 = Release|Any CPU
		{8ADF2296-BFA2-4D46-9D9D-86BAB5392FFD}.Release|x86.ActiveCfg = Release|Any CPU
		{8ADF2296-BFA2-4D46-9D9D-86BAB5392FFD}.Release|x86.Build.0 = Release|Any CPU
		{71CCC997-233F-40AF-B58A-FEB2140D615C}.Debug|Any CPU.ActiveCfg = Debug|Any CPU
		{71CCC997-233F-40AF-B58A-FEB2140D615C}.Debug|Any CPU.Build.0 = Debug|Any CPU
		{71CCC997-233F-40AF-B58A-FEB2140D615C}.Debug|x64.ActiveCfg = Debug|Any CPU
		{71CCC997-233F-40AF-B58A-FEB2140D615C}.Debug|x64.Build.0 = Debug|Any CPU
		{71CCC997-233F-40AF-B58A-FEB2140D615C}.Debug|x86.ActiveCfg = Debug|Any CPU
		{71CCC997-233F-40AF-B58A-FEB2140D615C}.Debug|x86.Build.0 = Debug|Any CPU
		{71CCC997-233F-40AF-B58A-FEB2140D615C}.Release|Any CPU.ActiveCfg = Release|Any CPU
		{71CCC997-233F-40AF-B58A-FEB2140D615C}.Release|Any CPU.Build.0 = Release|Any CPU
		{71CCC997-233F-40AF-B58A-FEB2140D615C}.Release|x64.ActiveCfg = Release|Any CPU
		{71CCC997-233F-40AF-B58A-FEB2140D615C}.Release|x64.Build.0 = Release|Any CPU
		{71CCC997-233F-40AF-B58A-FEB2140D615C}.Release|x86.ActiveCfg = Release|Any CPU
		{71CCC997-233F-40AF-B58A-FEB2140D615C}.Release|x86.Build.0 = Release|Any CPU
		{5AA21CCB-7D88-4CFE-AAC7-E8364AF14DAC}.Debug|Any CPU.ActiveCfg = Debug|Any CPU
		{5AA21CCB-7D88-4CFE-AAC7-E8364AF14DAC}.Debug|Any CPU.Build.0 = Debug|Any CPU
		{5AA21CCB-7D88-4CFE-AAC7-E8364AF14DAC}.Debug|x64.ActiveCfg = Debug|Any CPU
		{5AA21CCB-7D88-4CFE-AAC7-E8364AF14DAC}.Debug|x64.Build.0 = Debug|Any CPU
		{5AA21CCB-7D88-4CFE-AAC7-E8364AF14DAC}.Debug|x86.ActiveCfg = Debug|Any CPU
		{5AA21CCB-7D88-4CFE-AAC7-E8364AF14DAC}.Debug|x86.Build.0 = Debug|Any CPU
		{5AA21CCB-7D88-4CFE-AAC7-E8364AF14DAC}.Release|Any CPU.ActiveCfg = Release|Any CPU
		{5AA21CCB-7D88-4CFE-AAC7-E8364AF14DAC}.Release|Any CPU.Build.0 = Release|Any CPU
		{5AA21CCB-7D88-4CFE-AAC7-E8364AF14DAC}.Release|x64.ActiveCfg = Release|Any CPU
		{5AA21CCB-7D88-4CFE-AAC7-E8364AF14DAC}.Release|x64.Build.0 = Release|Any CPU
		{5AA21CCB-7D88-4CFE-AAC7-E8364AF14DAC}.Release|x86.ActiveCfg = Release|Any CPU
		{5AA21CCB-7D88-4CFE-AAC7-E8364AF14DAC}.Release|x86.Build.0 = Release|Any CPU
		{9DD03983-E68B-4292-A233-5648AD4816D3}.Debug|Any CPU.ActiveCfg = Debug|Any CPU
		{9DD03983-E68B-4292-A233-5648AD4816D3}.Debug|Any CPU.Build.0 = Debug|Any CPU
		{9DD03983-E68B-4292-A233-5648AD4816D3}.Debug|x64.ActiveCfg = Debug|Any CPU
		{9DD03983-E68B-4292-A233-5648AD4816D3}.Debug|x64.Build.0 = Debug|Any CPU
		{9DD03983-E68B-4292-A233-5648AD4816D3}.Debug|x86.ActiveCfg = Debug|Any CPU
		{9DD03983-E68B-4292-A233-5648AD4816D3}.Debug|x86.Build.0 = Debug|Any CPU
		{9DD03983-E68B-4292-A233-5648AD4816D3}.Release|Any CPU.ActiveCfg = Release|Any CPU
		{9DD03983-E68B-4292-A233-5648AD4816D3}.Release|Any CPU.Build.0 = Release|Any CPU
		{9DD03983-E68B-4292-A233-5648AD4816D3}.Release|x64.ActiveCfg = Release|Any CPU
		{9DD03983-E68B-4292-A233-5648AD4816D3}.Release|x64.Build.0 = Release|Any CPU
		{9DD03983-E68B-4292-A233-5648AD4816D3}.Release|x86.ActiveCfg = Release|Any CPU
		{9DD03983-E68B-4292-A233-5648AD4816D3}.Release|x86.Build.0 = Release|Any CPU
		{0D9F2BF3-FEEE-4601-B681-45C4FD2CDFE4}.Debug|Any CPU.ActiveCfg = Debug|Any CPU
		{0D9F2BF3-FEEE-4601-B681-45C4FD2CDFE4}.Debug|Any CPU.Build.0 = Debug|Any CPU
		{0D9F2BF3-FEEE-4601-B681-45C4FD2CDFE4}.Debug|x64.ActiveCfg = Debug|Any CPU
		{0D9F2BF3-FEEE-4601-B681-45C4FD2CDFE4}.Debug|x64.Build.0 = Debug|Any CPU
		{0D9F2BF3-FEEE-4601-B681-45C4FD2CDFE4}.Debug|x86.ActiveCfg = Debug|Any CPU
		{0D9F2BF3-FEEE-4601-B681-45C4FD2CDFE4}.Debug|x86.Build.0 = Debug|Any CPU
		{0D9F2BF3-FEEE-4601-B681-45C4FD2CDFE4}.Release|Any CPU.ActiveCfg = Release|Any CPU
		{0D9F2BF3-FEEE-4601-B681-45C4FD2CDFE4}.Release|Any CPU.Build.0 = Release|Any CPU
		{0D9F2BF3-FEEE-4601-B681-45C4FD2CDFE4}.Release|x64.ActiveCfg = Release|Any CPU
		{0D9F2BF3-FEEE-4601-B681-45C4FD2CDFE4}.Release|x64.Build.0 = Release|Any CPU
		{0D9F2BF3-FEEE-4601-B681-45C4FD2CDFE4}.Release|x86.ActiveCfg = Release|Any CPU
		{0D9F2BF3-FEEE-4601-B681-45C4FD2CDFE4}.Release|x86.Build.0 = Release|Any CPU
		{C27149CE-CE0C-4A73-BD79-4B5AC3DE4672}.Debug|Any CPU.ActiveCfg = Debug|Any CPU
		{C27149CE-CE0C-4A73-BD79-4B5AC3DE4672}.Debug|Any CPU.Build.0 = Debug|Any CPU
		{C27149CE-CE0C-4A73-BD79-4B5AC3DE4672}.Debug|x64.ActiveCfg = Debug|Any CPU
		{C27149CE-CE0C-4A73-BD79-4B5AC3DE4672}.Debug|x64.Build.0 = Debug|Any CPU
		{C27149CE-CE0C-4A73-BD79-4B5AC3DE4672}.Debug|x86.ActiveCfg = Debug|Any CPU
		{C27149CE-CE0C-4A73-BD79-4B5AC3DE4672}.Debug|x86.Build.0 = Debug|Any CPU
		{C27149CE-CE0C-4A73-BD79-4B5AC3DE4672}.Release|Any CPU.ActiveCfg = Release|Any CPU
		{C27149CE-CE0C-4A73-BD79-4B5AC3DE4672}.Release|Any CPU.Build.0 = Release|Any CPU
		{C27149CE-CE0C-4A73-BD79-4B5AC3DE4672}.Release|x64.ActiveCfg = Release|Any CPU
		{C27149CE-CE0C-4A73-BD79-4B5AC3DE4672}.Release|x64.Build.0 = Release|Any CPU
		{C27149CE-CE0C-4A73-BD79-4B5AC3DE4672}.Release|x86.ActiveCfg = Release|Any CPU
		{C27149CE-CE0C-4A73-BD79-4B5AC3DE4672}.Release|x86.Build.0 = Release|Any CPU
		{B6076939-9CEF-4FF0-A9BA-7C9D64823FE2}.Debug|Any CPU.ActiveCfg = Debug|Any CPU
		{B6076939-9CEF-4FF0-A9BA-7C9D64823FE2}.Debug|Any CPU.Build.0 = Debug|Any CPU
		{B6076939-9CEF-4FF0-A9BA-7C9D64823FE2}.Debug|x64.ActiveCfg = Debug|Any CPU
		{B6076939-9CEF-4FF0-A9BA-7C9D64823FE2}.Debug|x64.Build.0 = Debug|Any CPU
		{B6076939-9CEF-4FF0-A9BA-7C9D64823FE2}.Debug|x86.ActiveCfg = Debug|Any CPU
		{B6076939-9CEF-4FF0-A9BA-7C9D64823FE2}.Debug|x86.Build.0 = Debug|Any CPU
		{B6076939-9CEF-4FF0-A9BA-7C9D64823FE2}.Release|Any CPU.ActiveCfg = Release|Any CPU
		{B6076939-9CEF-4FF0-A9BA-7C9D64823FE2}.Release|Any CPU.Build.0 = Release|Any CPU
		{B6076939-9CEF-4FF0-A9BA-7C9D64823FE2}.Release|x64.ActiveCfg = Release|Any CPU
		{B6076939-9CEF-4FF0-A9BA-7C9D64823FE2}.Release|x64.Build.0 = Release|Any CPU
		{B6076939-9CEF-4FF0-A9BA-7C9D64823FE2}.Release|x86.ActiveCfg = Release|Any CPU
		{B6076939-9CEF-4FF0-A9BA-7C9D64823FE2}.Release|x86.Build.0 = Release|Any CPU
		{3A12ADD9-91EF-4363-BB8A-EC90CED6098A}.Debug|Any CPU.ActiveCfg = Debug|Any CPU
		{3A12ADD9-91EF-4363-BB8A-EC90CED6098A}.Debug|Any CPU.Build.0 = Debug|Any CPU
		{3A12ADD9-91EF-4363-BB8A-EC90CED6098A}.Debug|x64.ActiveCfg = Debug|Any CPU
		{3A12ADD9-91EF-4363-BB8A-EC90CED6098A}.Debug|x64.Build.0 = Debug|Any CPU
		{3A12ADD9-91EF-4363-BB8A-EC90CED6098A}.Debug|x86.ActiveCfg = Debug|Any CPU
		{3A12ADD9-91EF-4363-BB8A-EC90CED6098A}.Debug|x86.Build.0 = Debug|Any CPU
		{3A12ADD9-91EF-4363-BB8A-EC90CED6098A}.Release|Any CPU.ActiveCfg = Release|Any CPU
		{3A12ADD9-91EF-4363-BB8A-EC90CED6098A}.Release|Any CPU.Build.0 = Release|Any CPU
		{3A12ADD9-91EF-4363-BB8A-EC90CED6098A}.Release|x64.ActiveCfg = Release|Any CPU
		{3A12ADD9-91EF-4363-BB8A-EC90CED6098A}.Release|x64.Build.0 = Release|Any CPU
		{3A12ADD9-91EF-4363-BB8A-EC90CED6098A}.Release|x86.ActiveCfg = Release|Any CPU
		{3A12ADD9-91EF-4363-BB8A-EC90CED6098A}.Release|x86.Build.0 = Release|Any CPU
		{D817BFAA-1A28-4E5C-8509-86BA8EC7216E}.Debug|Any CPU.ActiveCfg = Debug|Any CPU
		{D817BFAA-1A28-4E5C-8509-86BA8EC7216E}.Debug|Any CPU.Build.0 = Debug|Any CPU
		{D817BFAA-1A28-4E5C-8509-86BA8EC7216E}.Debug|x64.ActiveCfg = Debug|Any CPU
		{D817BFAA-1A28-4E5C-8509-86BA8EC7216E}.Debug|x64.Build.0 = Debug|Any CPU
		{D817BFAA-1A28-4E5C-8509-86BA8EC7216E}.Debug|x86.ActiveCfg = Debug|Any CPU
		{D817BFAA-1A28-4E5C-8509-86BA8EC7216E}.Debug|x86.Build.0 = Debug|Any CPU
		{D817BFAA-1A28-4E5C-8509-86BA8EC7216E}.Release|Any CPU.ActiveCfg = Release|Any CPU
		{D817BFAA-1A28-4E5C-8509-86BA8EC7216E}.Release|Any CPU.Build.0 = Release|Any CPU
		{D817BFAA-1A28-4E5C-8509-86BA8EC7216E}.Release|x64.ActiveCfg = Release|Any CPU
		{D817BFAA-1A28-4E5C-8509-86BA8EC7216E}.Release|x64.Build.0 = Release|Any CPU
		{D817BFAA-1A28-4E5C-8509-86BA8EC7216E}.Release|x86.ActiveCfg = Release|Any CPU
		{D817BFAA-1A28-4E5C-8509-86BA8EC7216E}.Release|x86.Build.0 = Release|Any CPU
		{8B49AFCB-47CE-4BB3-8C9D-8F098D773E60}.Debug|Any CPU.ActiveCfg = Debug|Any CPU
		{8B49AFCB-47CE-4BB3-8C9D-8F098D773E60}.Debug|Any CPU.Build.0 = Debug|Any CPU
		{8B49AFCB-47CE-4BB3-8C9D-8F098D773E60}.Debug|x64.ActiveCfg = Debug|Any CPU
		{8B49AFCB-47CE-4BB3-8C9D-8F098D773E60}.Debug|x64.Build.0 = Debug|Any CPU
		{8B49AFCB-47CE-4BB3-8C9D-8F098D773E60}.Debug|x86.ActiveCfg = Debug|Any CPU
		{8B49AFCB-47CE-4BB3-8C9D-8F098D773E60}.Debug|x86.Build.0 = Debug|Any CPU
		{8B49AFCB-47CE-4BB3-8C9D-8F098D773E60}.Release|Any CPU.ActiveCfg = Release|Any CPU
		{8B49AFCB-47CE-4BB3-8C9D-8F098D773E60}.Release|Any CPU.Build.0 = Release|Any CPU
		{8B49AFCB-47CE-4BB3-8C9D-8F098D773E60}.Release|x64.ActiveCfg = Release|Any CPU
		{8B49AFCB-47CE-4BB3-8C9D-8F098D773E60}.Release|x64.Build.0 = Release|Any CPU
		{8B49AFCB-47CE-4BB3-8C9D-8F098D773E60}.Release|x86.ActiveCfg = Release|Any CPU
		{8B49AFCB-47CE-4BB3-8C9D-8F098D773E60}.Release|x86.Build.0 = Release|Any CPU
		{6E1B0D9D-D0AA-4227-857B-A4B33ABF49CB}.Debug|Any CPU.ActiveCfg = Debug|Any CPU
		{6E1B0D9D-D0AA-4227-857B-A4B33ABF49CB}.Debug|Any CPU.Build.0 = Debug|Any CPU
		{6E1B0D9D-D0AA-4227-857B-A4B33ABF49CB}.Debug|x64.ActiveCfg = Debug|Any CPU
		{6E1B0D9D-D0AA-4227-857B-A4B33ABF49CB}.Debug|x64.Build.0 = Debug|Any CPU
		{6E1B0D9D-D0AA-4227-857B-A4B33ABF49CB}.Debug|x86.ActiveCfg = Debug|Any CPU
		{6E1B0D9D-D0AA-4227-857B-A4B33ABF49CB}.Debug|x86.Build.0 = Debug|Any CPU
		{6E1B0D9D-D0AA-4227-857B-A4B33ABF49CB}.Release|Any CPU.ActiveCfg = Release|Any CPU
		{6E1B0D9D-D0AA-4227-857B-A4B33ABF49CB}.Release|Any CPU.Build.0 = Release|Any CPU
		{6E1B0D9D-D0AA-4227-857B-A4B33ABF49CB}.Release|x64.ActiveCfg = Release|Any CPU
		{6E1B0D9D-D0AA-4227-857B-A4B33ABF49CB}.Release|x64.Build.0 = Release|Any CPU
		{6E1B0D9D-D0AA-4227-857B-A4B33ABF49CB}.Release|x86.ActiveCfg = Release|Any CPU
		{6E1B0D9D-D0AA-4227-857B-A4B33ABF49CB}.Release|x86.Build.0 = Release|Any CPU
		{95F47396-8AE4-46FD-8C5A-82FAC9588F12}.Debug|Any CPU.ActiveCfg = Debug|Any CPU
		{95F47396-8AE4-46FD-8C5A-82FAC9588F12}.Debug|Any CPU.Build.0 = Debug|Any CPU
		{95F47396-8AE4-46FD-8C5A-82FAC9588F12}.Debug|x64.ActiveCfg = Debug|Any CPU
		{95F47396-8AE4-46FD-8C5A-82FAC9588F12}.Debug|x64.Build.0 = Debug|Any CPU
		{95F47396-8AE4-46FD-8C5A-82FAC9588F12}.Debug|x86.ActiveCfg = Debug|Any CPU
		{95F47396-8AE4-46FD-8C5A-82FAC9588F12}.Debug|x86.Build.0 = Debug|Any CPU
		{95F47396-8AE4-46FD-8C5A-82FAC9588F12}.Release|Any CPU.ActiveCfg = Release|Any CPU
		{95F47396-8AE4-46FD-8C5A-82FAC9588F12}.Release|Any CPU.Build.0 = Release|Any CPU
		{95F47396-8AE4-46FD-8C5A-82FAC9588F12}.Release|x64.ActiveCfg = Release|Any CPU
		{95F47396-8AE4-46FD-8C5A-82FAC9588F12}.Release|x64.Build.0 = Release|Any CPU
		{95F47396-8AE4-46FD-8C5A-82FAC9588F12}.Release|x86.ActiveCfg = Release|Any CPU
		{95F47396-8AE4-46FD-8C5A-82FAC9588F12}.Release|x86.Build.0 = Release|Any CPU
		{3825D060-8F19-4EDA-9D7F-8ADAB60F28FB}.Debug|Any CPU.ActiveCfg = Debug|Any CPU
		{3825D060-8F19-4EDA-9D7F-8ADAB60F28FB}.Debug|Any CPU.Build.0 = Debug|Any CPU
		{3825D060-8F19-4EDA-9D7F-8ADAB60F28FB}.Debug|x64.ActiveCfg = Debug|Any CPU
		{3825D060-8F19-4EDA-9D7F-8ADAB60F28FB}.Debug|x64.Build.0 = Debug|Any CPU
		{3825D060-8F19-4EDA-9D7F-8ADAB60F28FB}.Debug|x86.ActiveCfg = Debug|Any CPU
		{3825D060-8F19-4EDA-9D7F-8ADAB60F28FB}.Debug|x86.Build.0 = Debug|Any CPU
		{3825D060-8F19-4EDA-9D7F-8ADAB60F28FB}.Release|Any CPU.ActiveCfg = Release|Any CPU
		{3825D060-8F19-4EDA-9D7F-8ADAB60F28FB}.Release|Any CPU.Build.0 = Release|Any CPU
		{3825D060-8F19-4EDA-9D7F-8ADAB60F28FB}.Release|x64.ActiveCfg = Release|Any CPU
		{3825D060-8F19-4EDA-9D7F-8ADAB60F28FB}.Release|x64.Build.0 = Release|Any CPU
		{3825D060-8F19-4EDA-9D7F-8ADAB60F28FB}.Release|x86.ActiveCfg = Release|Any CPU
		{3825D060-8F19-4EDA-9D7F-8ADAB60F28FB}.Release|x86.Build.0 = Release|Any CPU
		{4E51D0A4-BD50-4CCE-AA76-8BD845C5DFBF}.Debug|Any CPU.ActiveCfg = Debug|Any CPU
		{4E51D0A4-BD50-4CCE-AA76-8BD845C5DFBF}.Debug|Any CPU.Build.0 = Debug|Any CPU
		{4E51D0A4-BD50-4CCE-AA76-8BD845C5DFBF}.Debug|x64.ActiveCfg = Debug|Any CPU
		{4E51D0A4-BD50-4CCE-AA76-8BD845C5DFBF}.Debug|x64.Build.0 = Debug|Any CPU
		{4E51D0A4-BD50-4CCE-AA76-8BD845C5DFBF}.Debug|x86.ActiveCfg = Debug|Any CPU
		{4E51D0A4-BD50-4CCE-AA76-8BD845C5DFBF}.Debug|x86.Build.0 = Debug|Any CPU
		{4E51D0A4-BD50-4CCE-AA76-8BD845C5DFBF}.Release|Any CPU.ActiveCfg = Release|Any CPU
		{4E51D0A4-BD50-4CCE-AA76-8BD845C5DFBF}.Release|Any CPU.Build.0 = Release|Any CPU
		{4E51D0A4-BD50-4CCE-AA76-8BD845C5DFBF}.Release|x64.ActiveCfg = Release|Any CPU
		{4E51D0A4-BD50-4CCE-AA76-8BD845C5DFBF}.Release|x64.Build.0 = Release|Any CPU
		{4E51D0A4-BD50-4CCE-AA76-8BD845C5DFBF}.Release|x86.ActiveCfg = Release|Any CPU
		{4E51D0A4-BD50-4CCE-AA76-8BD845C5DFBF}.Release|x86.Build.0 = Release|Any CPU
		{A674D673-81B6-4E21-8A2E-E04D65FDF458}.Debug|Any CPU.ActiveCfg = Debug|Any CPU
		{A674D673-81B6-4E21-8A2E-E04D65FDF458}.Debug|Any CPU.Build.0 = Debug|Any CPU
		{A674D673-81B6-4E21-8A2E-E04D65FDF458}.Debug|x64.ActiveCfg = Debug|Any CPU
		{A674D673-81B6-4E21-8A2E-E04D65FDF458}.Debug|x64.Build.0 = Debug|Any CPU
		{A674D673-81B6-4E21-8A2E-E04D65FDF458}.Debug|x86.ActiveCfg = Debug|Any CPU
		{A674D673-81B6-4E21-8A2E-E04D65FDF458}.Debug|x86.Build.0 = Debug|Any CPU
		{A674D673-81B6-4E21-8A2E-E04D65FDF458}.Release|Any CPU.ActiveCfg = Release|Any CPU
		{A674D673-81B6-4E21-8A2E-E04D65FDF458}.Release|Any CPU.Build.0 = Release|Any CPU
		{A674D673-81B6-4E21-8A2E-E04D65FDF458}.Release|x64.ActiveCfg = Release|Any CPU
		{A674D673-81B6-4E21-8A2E-E04D65FDF458}.Release|x64.Build.0 = Release|Any CPU
		{A674D673-81B6-4E21-8A2E-E04D65FDF458}.Release|x86.ActiveCfg = Release|Any CPU
		{A674D673-81B6-4E21-8A2E-E04D65FDF458}.Release|x86.Build.0 = Release|Any CPU
		{7F2CD1F4-8335-4E39-A998-36739A278FB6}.Debug|Any CPU.ActiveCfg = Debug|Any CPU
		{7F2CD1F4-8335-4E39-A998-36739A278FB6}.Debug|Any CPU.Build.0 = Debug|Any CPU
		{7F2CD1F4-8335-4E39-A998-36739A278FB6}.Debug|x64.ActiveCfg = Debug|Any CPU
		{7F2CD1F4-8335-4E39-A998-36739A278FB6}.Debug|x64.Build.0 = Debug|Any CPU
		{7F2CD1F4-8335-4E39-A998-36739A278FB6}.Debug|x86.ActiveCfg = Debug|Any CPU
		{7F2CD1F4-8335-4E39-A998-36739A278FB6}.Debug|x86.Build.0 = Debug|Any CPU
		{7F2CD1F4-8335-4E39-A998-36739A278FB6}.Release|Any CPU.ActiveCfg = Release|Any CPU
		{7F2CD1F4-8335-4E39-A998-36739A278FB6}.Release|Any CPU.Build.0 = Release|Any CPU
		{7F2CD1F4-8335-4E39-A998-36739A278FB6}.Release|x64.ActiveCfg = Release|Any CPU
		{7F2CD1F4-8335-4E39-A998-36739A278FB6}.Release|x64.Build.0 = Release|Any CPU
		{7F2CD1F4-8335-4E39-A998-36739A278FB6}.Release|x86.ActiveCfg = Release|Any CPU
		{7F2CD1F4-8335-4E39-A998-36739A278FB6}.Release|x86.Build.0 = Release|Any CPU
		{0E92E0E0-AC9C-4CDE-820F-197BE12334CC}.Debug|Any CPU.ActiveCfg = Debug|Any CPU
		{0E92E0E0-AC9C-4CDE-820F-197BE12334CC}.Debug|Any CPU.Build.0 = Debug|Any CPU
		{0E92E0E0-AC9C-4CDE-820F-197BE12334CC}.Debug|x64.ActiveCfg = Debug|Any CPU
		{0E92E0E0-AC9C-4CDE-820F-197BE12334CC}.Debug|x64.Build.0 = Debug|Any CPU
		{0E92E0E0-AC9C-4CDE-820F-197BE12334CC}.Debug|x86.ActiveCfg = Debug|Any CPU
		{0E92E0E0-AC9C-4CDE-820F-197BE12334CC}.Debug|x86.Build.0 = Debug|Any CPU
		{0E92E0E0-AC9C-4CDE-820F-197BE12334CC}.Release|Any CPU.ActiveCfg = Release|Any CPU
		{0E92E0E0-AC9C-4CDE-820F-197BE12334CC}.Release|Any CPU.Build.0 = Release|Any CPU
		{0E92E0E0-AC9C-4CDE-820F-197BE12334CC}.Release|x64.ActiveCfg = Release|Any CPU
		{0E92E0E0-AC9C-4CDE-820F-197BE12334CC}.Release|x64.Build.0 = Release|Any CPU
		{0E92E0E0-AC9C-4CDE-820F-197BE12334CC}.Release|x86.ActiveCfg = Release|Any CPU
		{0E92E0E0-AC9C-4CDE-820F-197BE12334CC}.Release|x86.Build.0 = Release|Any CPU
		{DEAE2D00-C1BC-4E0A-888B-AD89D3880B2F}.Debug|Any CPU.ActiveCfg = Debug|Any CPU
		{DEAE2D00-C1BC-4E0A-888B-AD89D3880B2F}.Debug|Any CPU.Build.0 = Debug|Any CPU
		{DEAE2D00-C1BC-4E0A-888B-AD89D3880B2F}.Debug|x64.ActiveCfg = Debug|Any CPU
		{DEAE2D00-C1BC-4E0A-888B-AD89D3880B2F}.Debug|x64.Build.0 = Debug|Any CPU
		{DEAE2D00-C1BC-4E0A-888B-AD89D3880B2F}.Debug|x86.ActiveCfg = Debug|Any CPU
		{DEAE2D00-C1BC-4E0A-888B-AD89D3880B2F}.Debug|x86.Build.0 = Debug|Any CPU
		{DEAE2D00-C1BC-4E0A-888B-AD89D3880B2F}.Release|Any CPU.ActiveCfg = Release|Any CPU
		{DEAE2D00-C1BC-4E0A-888B-AD89D3880B2F}.Release|Any CPU.Build.0 = Release|Any CPU
		{DEAE2D00-C1BC-4E0A-888B-AD89D3880B2F}.Release|x64.ActiveCfg = Release|Any CPU
		{DEAE2D00-C1BC-4E0A-888B-AD89D3880B2F}.Release|x64.Build.0 = Release|Any CPU
		{DEAE2D00-C1BC-4E0A-888B-AD89D3880B2F}.Release|x86.ActiveCfg = Release|Any CPU
		{DEAE2D00-C1BC-4E0A-888B-AD89D3880B2F}.Release|x86.Build.0 = Release|Any CPU
		{1480A571-6A3B-403E-BA93-4AB485A8F18D}.Debug|Any CPU.ActiveCfg = Debug|Any CPU
		{1480A571-6A3B-403E-BA93-4AB485A8F18D}.Debug|Any CPU.Build.0 = Debug|Any CPU
		{1480A571-6A3B-403E-BA93-4AB485A8F18D}.Debug|x64.ActiveCfg = Debug|Any CPU
		{1480A571-6A3B-403E-BA93-4AB485A8F18D}.Debug|x64.Build.0 = Debug|Any CPU
		{1480A571-6A3B-403E-BA93-4AB485A8F18D}.Debug|x86.ActiveCfg = Debug|Any CPU
		{1480A571-6A3B-403E-BA93-4AB485A8F18D}.Debug|x86.Build.0 = Debug|Any CPU
		{1480A571-6A3B-403E-BA93-4AB485A8F18D}.Release|Any CPU.ActiveCfg = Release|Any CPU
		{1480A571-6A3B-403E-BA93-4AB485A8F18D}.Release|Any CPU.Build.0 = Release|Any CPU
		{1480A571-6A3B-403E-BA93-4AB485A8F18D}.Release|x64.ActiveCfg = Release|Any CPU
		{1480A571-6A3B-403E-BA93-4AB485A8F18D}.Release|x64.Build.0 = Release|Any CPU
		{1480A571-6A3B-403E-BA93-4AB485A8F18D}.Release|x86.ActiveCfg = Release|Any CPU
		{1480A571-6A3B-403E-BA93-4AB485A8F18D}.Release|x86.Build.0 = Release|Any CPU
		{2F003956-7C23-4129-A891-06ADF8DB403F}.Debug|Any CPU.ActiveCfg = Debug|Any CPU
		{2F003956-7C23-4129-A891-06ADF8DB403F}.Debug|Any CPU.Build.0 = Debug|Any CPU
		{2F003956-7C23-4129-A891-06ADF8DB403F}.Debug|x64.ActiveCfg = Debug|Any CPU
		{2F003956-7C23-4129-A891-06ADF8DB403F}.Debug|x64.Build.0 = Debug|Any CPU
		{2F003956-7C23-4129-A891-06ADF8DB403F}.Debug|x86.ActiveCfg = Debug|Any CPU
		{2F003956-7C23-4129-A891-06ADF8DB403F}.Debug|x86.Build.0 = Debug|Any CPU
		{2F003956-7C23-4129-A891-06ADF8DB403F}.Release|Any CPU.ActiveCfg = Release|Any CPU
		{2F003956-7C23-4129-A891-06ADF8DB403F}.Release|Any CPU.Build.0 = Release|Any CPU
		{2F003956-7C23-4129-A891-06ADF8DB403F}.Release|x64.ActiveCfg = Release|Any CPU
		{2F003956-7C23-4129-A891-06ADF8DB403F}.Release|x64.Build.0 = Release|Any CPU
		{2F003956-7C23-4129-A891-06ADF8DB403F}.Release|x86.ActiveCfg = Release|Any CPU
		{2F003956-7C23-4129-A891-06ADF8DB403F}.Release|x86.Build.0 = Release|Any CPU
		{BFF45C7B-4EFC-4DD3-8B7E-C558C6E52742}.Debug|Any CPU.ActiveCfg = Debug|Any CPU
		{BFF45C7B-4EFC-4DD3-8B7E-C558C6E52742}.Debug|Any CPU.Build.0 = Debug|Any CPU
		{BFF45C7B-4EFC-4DD3-8B7E-C558C6E52742}.Debug|x64.ActiveCfg = Debug|Any CPU
		{BFF45C7B-4EFC-4DD3-8B7E-C558C6E52742}.Debug|x64.Build.0 = Debug|Any CPU
		{BFF45C7B-4EFC-4DD3-8B7E-C558C6E52742}.Debug|x86.ActiveCfg = Debug|Any CPU
		{BFF45C7B-4EFC-4DD3-8B7E-C558C6E52742}.Debug|x86.Build.0 = Debug|Any CPU
		{BFF45C7B-4EFC-4DD3-8B7E-C558C6E52742}.Release|Any CPU.ActiveCfg = Release|Any CPU
		{BFF45C7B-4EFC-4DD3-8B7E-C558C6E52742}.Release|Any CPU.Build.0 = Release|Any CPU
		{BFF45C7B-4EFC-4DD3-8B7E-C558C6E52742}.Release|x64.ActiveCfg = Release|Any CPU
		{BFF45C7B-4EFC-4DD3-8B7E-C558C6E52742}.Release|x64.Build.0 = Release|Any CPU
		{BFF45C7B-4EFC-4DD3-8B7E-C558C6E52742}.Release|x86.ActiveCfg = Release|Any CPU
		{BFF45C7B-4EFC-4DD3-8B7E-C558C6E52742}.Release|x86.Build.0 = Release|Any CPU
		{78CF743A-01B7-4EC9-A1FD-3F5AE0B2780D}.Debug|Any CPU.ActiveCfg = Debug|Any CPU
		{78CF743A-01B7-4EC9-A1FD-3F5AE0B2780D}.Debug|Any CPU.Build.0 = Debug|Any CPU
		{78CF743A-01B7-4EC9-A1FD-3F5AE0B2780D}.Debug|x64.ActiveCfg = Debug|Any CPU
		{78CF743A-01B7-4EC9-A1FD-3F5AE0B2780D}.Debug|x64.Build.0 = Debug|Any CPU
		{78CF743A-01B7-4EC9-A1FD-3F5AE0B2780D}.Debug|x86.ActiveCfg = Debug|Any CPU
		{78CF743A-01B7-4EC9-A1FD-3F5AE0B2780D}.Debug|x86.Build.0 = Debug|Any CPU
		{78CF743A-01B7-4EC9-A1FD-3F5AE0B2780D}.Release|Any CPU.ActiveCfg = Release|Any CPU
		{78CF743A-01B7-4EC9-A1FD-3F5AE0B2780D}.Release|Any CPU.Build.0 = Release|Any CPU
		{78CF743A-01B7-4EC9-A1FD-3F5AE0B2780D}.Release|x64.ActiveCfg = Release|Any CPU
		{78CF743A-01B7-4EC9-A1FD-3F5AE0B2780D}.Release|x64.Build.0 = Release|Any CPU
		{78CF743A-01B7-4EC9-A1FD-3F5AE0B2780D}.Release|x86.ActiveCfg = Release|Any CPU
		{78CF743A-01B7-4EC9-A1FD-3F5AE0B2780D}.Release|x86.Build.0 = Release|Any CPU
		{0B1AE97B-9BA3-4CFB-8654-510E598E27F0}.Debug|Any CPU.ActiveCfg = Debug|Any CPU
		{0B1AE97B-9BA3-4CFB-8654-510E598E27F0}.Debug|Any CPU.Build.0 = Debug|Any CPU
		{0B1AE97B-9BA3-4CFB-8654-510E598E27F0}.Debug|x64.ActiveCfg = Debug|Any CPU
		{0B1AE97B-9BA3-4CFB-8654-510E598E27F0}.Debug|x64.Build.0 = Debug|Any CPU
		{0B1AE97B-9BA3-4CFB-8654-510E598E27F0}.Debug|x86.ActiveCfg = Debug|Any CPU
		{0B1AE97B-9BA3-4CFB-8654-510E598E27F0}.Debug|x86.Build.0 = Debug|Any CPU
		{0B1AE97B-9BA3-4CFB-8654-510E598E27F0}.Release|Any CPU.ActiveCfg = Release|Any CPU
		{0B1AE97B-9BA3-4CFB-8654-510E598E27F0}.Release|Any CPU.Build.0 = Release|Any CPU
		{0B1AE97B-9BA3-4CFB-8654-510E598E27F0}.Release|x64.ActiveCfg = Release|Any CPU
		{0B1AE97B-9BA3-4CFB-8654-510E598E27F0}.Release|x64.Build.0 = Release|Any CPU
		{0B1AE97B-9BA3-4CFB-8654-510E598E27F0}.Release|x86.ActiveCfg = Release|Any CPU
		{0B1AE97B-9BA3-4CFB-8654-510E598E27F0}.Release|x86.Build.0 = Release|Any CPU
		{942554AF-92AB-4942-9A0D-9D07DDBA3B36}.Debug|Any CPU.ActiveCfg = Debug|Any CPU
		{942554AF-92AB-4942-9A0D-9D07DDBA3B36}.Debug|Any CPU.Build.0 = Debug|Any CPU
		{942554AF-92AB-4942-9A0D-9D07DDBA3B36}.Debug|x64.ActiveCfg = Debug|Any CPU
		{942554AF-92AB-4942-9A0D-9D07DDBA3B36}.Debug|x64.Build.0 = Debug|Any CPU
		{942554AF-92AB-4942-9A0D-9D07DDBA3B36}.Debug|x86.ActiveCfg = Debug|Any CPU
		{942554AF-92AB-4942-9A0D-9D07DDBA3B36}.Debug|x86.Build.0 = Debug|Any CPU
		{942554AF-92AB-4942-9A0D-9D07DDBA3B36}.Release|Any CPU.ActiveCfg = Release|Any CPU
		{942554AF-92AB-4942-9A0D-9D07DDBA3B36}.Release|Any CPU.Build.0 = Release|Any CPU
		{942554AF-92AB-4942-9A0D-9D07DDBA3B36}.Release|x64.ActiveCfg = Release|Any CPU
		{942554AF-92AB-4942-9A0D-9D07DDBA3B36}.Release|x64.Build.0 = Release|Any CPU
		{942554AF-92AB-4942-9A0D-9D07DDBA3B36}.Release|x86.ActiveCfg = Release|Any CPU
		{942554AF-92AB-4942-9A0D-9D07DDBA3B36}.Release|x86.Build.0 = Release|Any CPU
		{D7DE6CE3-A07D-4DD8-A0AE-515BE23EC506}.Debug|Any CPU.ActiveCfg = Debug|Any CPU
		{D7DE6CE3-A07D-4DD8-A0AE-515BE23EC506}.Debug|Any CPU.Build.0 = Debug|Any CPU
		{D7DE6CE3-A07D-4DD8-A0AE-515BE23EC506}.Debug|x64.ActiveCfg = Debug|Any CPU
		{D7DE6CE3-A07D-4DD8-A0AE-515BE23EC506}.Debug|x64.Build.0 = Debug|Any CPU
		{D7DE6CE3-A07D-4DD8-A0AE-515BE23EC506}.Debug|x86.ActiveCfg = Debug|Any CPU
		{D7DE6CE3-A07D-4DD8-A0AE-515BE23EC506}.Debug|x86.Build.0 = Debug|Any CPU
		{D7DE6CE3-A07D-4DD8-A0AE-515BE23EC506}.Release|Any CPU.ActiveCfg = Release|Any CPU
		{D7DE6CE3-A07D-4DD8-A0AE-515BE23EC506}.Release|Any CPU.Build.0 = Release|Any CPU
		{D7DE6CE3-A07D-4DD8-A0AE-515BE23EC506}.Release|x64.ActiveCfg = Release|Any CPU
		{D7DE6CE3-A07D-4DD8-A0AE-515BE23EC506}.Release|x64.Build.0 = Release|Any CPU
		{D7DE6CE3-A07D-4DD8-A0AE-515BE23EC506}.Release|x86.ActiveCfg = Release|Any CPU
		{D7DE6CE3-A07D-4DD8-A0AE-515BE23EC506}.Release|x86.Build.0 = Release|Any CPU
		{73E06119-56CA-4C6D-9C8E-D6DD46A4A77D}.Debug|Any CPU.ActiveCfg = Debug|Any CPU
		{73E06119-56CA-4C6D-9C8E-D6DD46A4A77D}.Debug|Any CPU.Build.0 = Debug|Any CPU
		{73E06119-56CA-4C6D-9C8E-D6DD46A4A77D}.Debug|x64.ActiveCfg = Debug|Any CPU
		{73E06119-56CA-4C6D-9C8E-D6DD46A4A77D}.Debug|x64.Build.0 = Debug|Any CPU
		{73E06119-56CA-4C6D-9C8E-D6DD46A4A77D}.Debug|x86.ActiveCfg = Debug|Any CPU
		{73E06119-56CA-4C6D-9C8E-D6DD46A4A77D}.Debug|x86.Build.0 = Debug|Any CPU
		{73E06119-56CA-4C6D-9C8E-D6DD46A4A77D}.Release|Any CPU.ActiveCfg = Release|Any CPU
		{73E06119-56CA-4C6D-9C8E-D6DD46A4A77D}.Release|Any CPU.Build.0 = Release|Any CPU
		{73E06119-56CA-4C6D-9C8E-D6DD46A4A77D}.Release|x64.ActiveCfg = Release|Any CPU
		{73E06119-56CA-4C6D-9C8E-D6DD46A4A77D}.Release|x64.Build.0 = Release|Any CPU
		{73E06119-56CA-4C6D-9C8E-D6DD46A4A77D}.Release|x86.ActiveCfg = Release|Any CPU
		{73E06119-56CA-4C6D-9C8E-D6DD46A4A77D}.Release|x86.Build.0 = Release|Any CPU
		{FE000C14-957F-43F9-93DE-6D2DC317437A}.Debug|Any CPU.ActiveCfg = Debug|Any CPU
		{FE000C14-957F-43F9-93DE-6D2DC317437A}.Debug|Any CPU.Build.0 = Debug|Any CPU
		{FE000C14-957F-43F9-93DE-6D2DC317437A}.Debug|x64.ActiveCfg = Debug|Any CPU
		{FE000C14-957F-43F9-93DE-6D2DC317437A}.Debug|x64.Build.0 = Debug|Any CPU
		{FE000C14-957F-43F9-93DE-6D2DC317437A}.Debug|x86.ActiveCfg = Debug|Any CPU
		{FE000C14-957F-43F9-93DE-6D2DC317437A}.Debug|x86.Build.0 = Debug|Any CPU
		{FE000C14-957F-43F9-93DE-6D2DC317437A}.Release|Any CPU.ActiveCfg = Release|Any CPU
		{FE000C14-957F-43F9-93DE-6D2DC317437A}.Release|Any CPU.Build.0 = Release|Any CPU
		{FE000C14-957F-43F9-93DE-6D2DC317437A}.Release|x64.ActiveCfg = Release|Any CPU
		{FE000C14-957F-43F9-93DE-6D2DC317437A}.Release|x64.Build.0 = Release|Any CPU
		{FE000C14-957F-43F9-93DE-6D2DC317437A}.Release|x86.ActiveCfg = Release|Any CPU
		{FE000C14-957F-43F9-93DE-6D2DC317437A}.Release|x86.Build.0 = Release|Any CPU
		{DB8F0106-8A27-4660-8648-C995263D10DC}.Debug|Any CPU.ActiveCfg = Debug|Any CPU
		{DB8F0106-8A27-4660-8648-C995263D10DC}.Debug|Any CPU.Build.0 = Debug|Any CPU
		{DB8F0106-8A27-4660-8648-C995263D10DC}.Debug|x64.ActiveCfg = Debug|Any CPU
		{DB8F0106-8A27-4660-8648-C995263D10DC}.Debug|x64.Build.0 = Debug|Any CPU
		{DB8F0106-8A27-4660-8648-C995263D10DC}.Debug|x86.ActiveCfg = Debug|Any CPU
		{DB8F0106-8A27-4660-8648-C995263D10DC}.Debug|x86.Build.0 = Debug|Any CPU
		{DB8F0106-8A27-4660-8648-C995263D10DC}.Release|Any CPU.ActiveCfg = Release|Any CPU
		{DB8F0106-8A27-4660-8648-C995263D10DC}.Release|Any CPU.Build.0 = Release|Any CPU
		{DB8F0106-8A27-4660-8648-C995263D10DC}.Release|x64.ActiveCfg = Release|Any CPU
		{DB8F0106-8A27-4660-8648-C995263D10DC}.Release|x64.Build.0 = Release|Any CPU
		{DB8F0106-8A27-4660-8648-C995263D10DC}.Release|x86.ActiveCfg = Release|Any CPU
		{DB8F0106-8A27-4660-8648-C995263D10DC}.Release|x86.Build.0 = Release|Any CPU
		{4827F874-3840-4F59-82D2-144982E13652}.Debug|Any CPU.ActiveCfg = Debug|Any CPU
		{4827F874-3840-4F59-82D2-144982E13652}.Debug|Any CPU.Build.0 = Debug|Any CPU
		{4827F874-3840-4F59-82D2-144982E13652}.Debug|x64.ActiveCfg = Debug|Any CPU
		{4827F874-3840-4F59-82D2-144982E13652}.Debug|x64.Build.0 = Debug|Any CPU
		{4827F874-3840-4F59-82D2-144982E13652}.Debug|x86.ActiveCfg = Debug|Any CPU
		{4827F874-3840-4F59-82D2-144982E13652}.Debug|x86.Build.0 = Debug|Any CPU
		{4827F874-3840-4F59-82D2-144982E13652}.Release|Any CPU.ActiveCfg = Release|Any CPU
		{4827F874-3840-4F59-82D2-144982E13652}.Release|Any CPU.Build.0 = Release|Any CPU
		{4827F874-3840-4F59-82D2-144982E13652}.Release|x64.ActiveCfg = Release|Any CPU
		{4827F874-3840-4F59-82D2-144982E13652}.Release|x64.Build.0 = Release|Any CPU
		{4827F874-3840-4F59-82D2-144982E13652}.Release|x86.ActiveCfg = Release|Any CPU
		{4827F874-3840-4F59-82D2-144982E13652}.Release|x86.Build.0 = Release|Any CPU
		{4103BB6E-CB27-4BCB-812A-2123BFB7E6F9}.Debug|Any CPU.ActiveCfg = Debug|Any CPU
		{4103BB6E-CB27-4BCB-812A-2123BFB7E6F9}.Debug|Any CPU.Build.0 = Debug|Any CPU
		{4103BB6E-CB27-4BCB-812A-2123BFB7E6F9}.Debug|x64.ActiveCfg = Debug|Any CPU
		{4103BB6E-CB27-4BCB-812A-2123BFB7E6F9}.Debug|x64.Build.0 = Debug|Any CPU
		{4103BB6E-CB27-4BCB-812A-2123BFB7E6F9}.Debug|x86.ActiveCfg = Debug|Any CPU
		{4103BB6E-CB27-4BCB-812A-2123BFB7E6F9}.Debug|x86.Build.0 = Debug|Any CPU
		{4103BB6E-CB27-4BCB-812A-2123BFB7E6F9}.Release|Any CPU.ActiveCfg = Release|Any CPU
		{4103BB6E-CB27-4BCB-812A-2123BFB7E6F9}.Release|Any CPU.Build.0 = Release|Any CPU
		{4103BB6E-CB27-4BCB-812A-2123BFB7E6F9}.Release|x64.ActiveCfg = Release|Any CPU
		{4103BB6E-CB27-4BCB-812A-2123BFB7E6F9}.Release|x64.Build.0 = Release|Any CPU
		{4103BB6E-CB27-4BCB-812A-2123BFB7E6F9}.Release|x86.ActiveCfg = Release|Any CPU
		{4103BB6E-CB27-4BCB-812A-2123BFB7E6F9}.Release|x86.Build.0 = Release|Any CPU
		{7D3FDBA2-FB55-4CF9-A61C-FAA9907A53A5}.Debug|Any CPU.ActiveCfg = Debug|Any CPU
		{7D3FDBA2-FB55-4CF9-A61C-FAA9907A53A5}.Debug|Any CPU.Build.0 = Debug|Any CPU
		{7D3FDBA2-FB55-4CF9-A61C-FAA9907A53A5}.Debug|x64.ActiveCfg = Debug|Any CPU
		{7D3FDBA2-FB55-4CF9-A61C-FAA9907A53A5}.Debug|x64.Build.0 = Debug|Any CPU
		{7D3FDBA2-FB55-4CF9-A61C-FAA9907A53A5}.Debug|x86.ActiveCfg = Debug|Any CPU
		{7D3FDBA2-FB55-4CF9-A61C-FAA9907A53A5}.Debug|x86.Build.0 = Debug|Any CPU
		{7D3FDBA2-FB55-4CF9-A61C-FAA9907A53A5}.Release|Any CPU.ActiveCfg = Release|Any CPU
		{7D3FDBA2-FB55-4CF9-A61C-FAA9907A53A5}.Release|Any CPU.Build.0 = Release|Any CPU
		{7D3FDBA2-FB55-4CF9-A61C-FAA9907A53A5}.Release|x64.ActiveCfg = Release|Any CPU
		{7D3FDBA2-FB55-4CF9-A61C-FAA9907A53A5}.Release|x64.Build.0 = Release|Any CPU
		{7D3FDBA2-FB55-4CF9-A61C-FAA9907A53A5}.Release|x86.ActiveCfg = Release|Any CPU
		{7D3FDBA2-FB55-4CF9-A61C-FAA9907A53A5}.Release|x86.Build.0 = Release|Any CPU
		{438D02BA-E3CB-4C38-BC85-1830DCCF362F}.Debug|Any CPU.ActiveCfg = Debug|Any CPU
		{438D02BA-E3CB-4C38-BC85-1830DCCF362F}.Debug|Any CPU.Build.0 = Debug|Any CPU
		{438D02BA-E3CB-4C38-BC85-1830DCCF362F}.Debug|x64.ActiveCfg = Debug|Any CPU
		{438D02BA-E3CB-4C38-BC85-1830DCCF362F}.Debug|x64.Build.0 = Debug|Any CPU
		{438D02BA-E3CB-4C38-BC85-1830DCCF362F}.Debug|x86.ActiveCfg = Debug|Any CPU
		{438D02BA-E3CB-4C38-BC85-1830DCCF362F}.Debug|x86.Build.0 = Debug|Any CPU
		{438D02BA-E3CB-4C38-BC85-1830DCCF362F}.Release|Any CPU.ActiveCfg = Release|Any CPU
		{438D02BA-E3CB-4C38-BC85-1830DCCF362F}.Release|Any CPU.Build.0 = Release|Any CPU
		{438D02BA-E3CB-4C38-BC85-1830DCCF362F}.Release|x64.ActiveCfg = Release|Any CPU
		{438D02BA-E3CB-4C38-BC85-1830DCCF362F}.Release|x64.Build.0 = Release|Any CPU
		{438D02BA-E3CB-4C38-BC85-1830DCCF362F}.Release|x86.ActiveCfg = Release|Any CPU
		{438D02BA-E3CB-4C38-BC85-1830DCCF362F}.Release|x86.Build.0 = Release|Any CPU
		{27168B62-FAF7-4E9D-B2AC-60391961EA3E}.Debug|Any CPU.ActiveCfg = Debug|Any CPU
		{27168B62-FAF7-4E9D-B2AC-60391961EA3E}.Debug|Any CPU.Build.0 = Debug|Any CPU
		{27168B62-FAF7-4E9D-B2AC-60391961EA3E}.Debug|x64.ActiveCfg = Debug|Any CPU
		{27168B62-FAF7-4E9D-B2AC-60391961EA3E}.Debug|x64.Build.0 = Debug|Any CPU
		{27168B62-FAF7-4E9D-B2AC-60391961EA3E}.Debug|x86.ActiveCfg = Debug|Any CPU
		{27168B62-FAF7-4E9D-B2AC-60391961EA3E}.Debug|x86.Build.0 = Debug|Any CPU
		{27168B62-FAF7-4E9D-B2AC-60391961EA3E}.Release|Any CPU.ActiveCfg = Release|Any CPU
		{27168B62-FAF7-4E9D-B2AC-60391961EA3E}.Release|Any CPU.Build.0 = Release|Any CPU
		{27168B62-FAF7-4E9D-B2AC-60391961EA3E}.Release|x64.ActiveCfg = Release|Any CPU
		{27168B62-FAF7-4E9D-B2AC-60391961EA3E}.Release|x64.Build.0 = Release|Any CPU
		{27168B62-FAF7-4E9D-B2AC-60391961EA3E}.Release|x86.ActiveCfg = Release|Any CPU
		{27168B62-FAF7-4E9D-B2AC-60391961EA3E}.Release|x86.Build.0 = Release|Any CPU
		{47260455-EA92-4B0E-8506-64B5D7C0A555}.Debug|Any CPU.ActiveCfg = Debug|Any CPU
		{47260455-EA92-4B0E-8506-64B5D7C0A555}.Debug|Any CPU.Build.0 = Debug|Any CPU
		{47260455-EA92-4B0E-8506-64B5D7C0A555}.Debug|x64.ActiveCfg = Debug|Any CPU
		{47260455-EA92-4B0E-8506-64B5D7C0A555}.Debug|x64.Build.0 = Debug|Any CPU
		{47260455-EA92-4B0E-8506-64B5D7C0A555}.Debug|x86.ActiveCfg = Debug|Any CPU
		{47260455-EA92-4B0E-8506-64B5D7C0A555}.Debug|x86.Build.0 = Debug|Any CPU
		{47260455-EA92-4B0E-8506-64B5D7C0A555}.Release|Any CPU.ActiveCfg = Release|Any CPU
		{47260455-EA92-4B0E-8506-64B5D7C0A555}.Release|Any CPU.Build.0 = Release|Any CPU
		{47260455-EA92-4B0E-8506-64B5D7C0A555}.Release|x64.ActiveCfg = Release|Any CPU
		{47260455-EA92-4B0E-8506-64B5D7C0A555}.Release|x64.Build.0 = Release|Any CPU
		{47260455-EA92-4B0E-8506-64B5D7C0A555}.Release|x86.ActiveCfg = Release|Any CPU
		{47260455-EA92-4B0E-8506-64B5D7C0A555}.Release|x86.Build.0 = Release|Any CPU
		{08712CCD-3ED3-4B21-BE85-8F875E79E971}.Debug|Any CPU.ActiveCfg = Debug|Any CPU
		{08712CCD-3ED3-4B21-BE85-8F875E79E971}.Debug|Any CPU.Build.0 = Debug|Any CPU
		{08712CCD-3ED3-4B21-BE85-8F875E79E971}.Debug|x64.ActiveCfg = Debug|Any CPU
		{08712CCD-3ED3-4B21-BE85-8F875E79E971}.Debug|x64.Build.0 = Debug|Any CPU
		{08712CCD-3ED3-4B21-BE85-8F875E79E971}.Debug|x86.ActiveCfg = Debug|Any CPU
		{08712CCD-3ED3-4B21-BE85-8F875E79E971}.Debug|x86.Build.0 = Debug|Any CPU
		{08712CCD-3ED3-4B21-BE85-8F875E79E971}.Release|Any CPU.ActiveCfg = Release|Any CPU
		{08712CCD-3ED3-4B21-BE85-8F875E79E971}.Release|Any CPU.Build.0 = Release|Any CPU
		{08712CCD-3ED3-4B21-BE85-8F875E79E971}.Release|x64.ActiveCfg = Release|Any CPU
		{08712CCD-3ED3-4B21-BE85-8F875E79E971}.Release|x64.Build.0 = Release|Any CPU
		{08712CCD-3ED3-4B21-BE85-8F875E79E971}.Release|x86.ActiveCfg = Release|Any CPU
		{08712CCD-3ED3-4B21-BE85-8F875E79E971}.Release|x86.Build.0 = Release|Any CPU
		{75635414-C370-4F2B-B920-F6FA31C7B0DE}.Debug|Any CPU.ActiveCfg = Debug|Any CPU
		{75635414-C370-4F2B-B920-F6FA31C7B0DE}.Debug|Any CPU.Build.0 = Debug|Any CPU
		{75635414-C370-4F2B-B920-F6FA31C7B0DE}.Debug|x64.ActiveCfg = Debug|Any CPU
		{75635414-C370-4F2B-B920-F6FA31C7B0DE}.Debug|x64.Build.0 = Debug|Any CPU
		{75635414-C370-4F2B-B920-F6FA31C7B0DE}.Debug|x86.ActiveCfg = Debug|Any CPU
		{75635414-C370-4F2B-B920-F6FA31C7B0DE}.Debug|x86.Build.0 = Debug|Any CPU
		{75635414-C370-4F2B-B920-F6FA31C7B0DE}.Release|Any CPU.ActiveCfg = Release|Any CPU
		{75635414-C370-4F2B-B920-F6FA31C7B0DE}.Release|Any CPU.Build.0 = Release|Any CPU
		{75635414-C370-4F2B-B920-F6FA31C7B0DE}.Release|x64.ActiveCfg = Release|Any CPU
		{75635414-C370-4F2B-B920-F6FA31C7B0DE}.Release|x64.Build.0 = Release|Any CPU
		{75635414-C370-4F2B-B920-F6FA31C7B0DE}.Release|x86.ActiveCfg = Release|Any CPU
		{75635414-C370-4F2B-B920-F6FA31C7B0DE}.Release|x86.Build.0 = Release|Any CPU
		{94D77A0C-C34C-4F3B-84F0-666B72AE3816}.Debug|Any CPU.ActiveCfg = Debug|Any CPU
		{94D77A0C-C34C-4F3B-84F0-666B72AE3816}.Debug|Any CPU.Build.0 = Debug|Any CPU
		{94D77A0C-C34C-4F3B-84F0-666B72AE3816}.Debug|x64.ActiveCfg = Debug|Any CPU
		{94D77A0C-C34C-4F3B-84F0-666B72AE3816}.Debug|x64.Build.0 = Debug|Any CPU
		{94D77A0C-C34C-4F3B-84F0-666B72AE3816}.Debug|x86.ActiveCfg = Debug|Any CPU
		{94D77A0C-C34C-4F3B-84F0-666B72AE3816}.Debug|x86.Build.0 = Debug|Any CPU
		{94D77A0C-C34C-4F3B-84F0-666B72AE3816}.Release|Any CPU.ActiveCfg = Release|Any CPU
		{94D77A0C-C34C-4F3B-84F0-666B72AE3816}.Release|Any CPU.Build.0 = Release|Any CPU
		{94D77A0C-C34C-4F3B-84F0-666B72AE3816}.Release|x64.ActiveCfg = Release|Any CPU
		{94D77A0C-C34C-4F3B-84F0-666B72AE3816}.Release|x64.Build.0 = Release|Any CPU
		{94D77A0C-C34C-4F3B-84F0-666B72AE3816}.Release|x86.ActiveCfg = Release|Any CPU
		{94D77A0C-C34C-4F3B-84F0-666B72AE3816}.Release|x86.Build.0 = Release|Any CPU
		{23AB0DBB-DB67-4CD5-99DB-F0950785E73C}.Debug|Any CPU.ActiveCfg = Debug|Any CPU
		{23AB0DBB-DB67-4CD5-99DB-F0950785E73C}.Debug|Any CPU.Build.0 = Debug|Any CPU
		{23AB0DBB-DB67-4CD5-99DB-F0950785E73C}.Debug|x64.ActiveCfg = Debug|Any CPU
		{23AB0DBB-DB67-4CD5-99DB-F0950785E73C}.Debug|x64.Build.0 = Debug|Any CPU
		{23AB0DBB-DB67-4CD5-99DB-F0950785E73C}.Debug|x86.ActiveCfg = Debug|Any CPU
		{23AB0DBB-DB67-4CD5-99DB-F0950785E73C}.Debug|x86.Build.0 = Debug|Any CPU
		{23AB0DBB-DB67-4CD5-99DB-F0950785E73C}.Release|Any CPU.ActiveCfg = Release|Any CPU
		{23AB0DBB-DB67-4CD5-99DB-F0950785E73C}.Release|Any CPU.Build.0 = Release|Any CPU
		{23AB0DBB-DB67-4CD5-99DB-F0950785E73C}.Release|x64.ActiveCfg = Release|Any CPU
		{23AB0DBB-DB67-4CD5-99DB-F0950785E73C}.Release|x64.Build.0 = Release|Any CPU
		{23AB0DBB-DB67-4CD5-99DB-F0950785E73C}.Release|x86.ActiveCfg = Release|Any CPU
		{23AB0DBB-DB67-4CD5-99DB-F0950785E73C}.Release|x86.Build.0 = Release|Any CPU
		{C187949B-DF63-4166-B957-5CA1CA941FFC}.Debug|Any CPU.ActiveCfg = Debug|Any CPU
		{C187949B-DF63-4166-B957-5CA1CA941FFC}.Debug|Any CPU.Build.0 = Debug|Any CPU
		{C187949B-DF63-4166-B957-5CA1CA941FFC}.Debug|x64.ActiveCfg = Debug|Any CPU
		{C187949B-DF63-4166-B957-5CA1CA941FFC}.Debug|x64.Build.0 = Debug|Any CPU
		{C187949B-DF63-4166-B957-5CA1CA941FFC}.Debug|x86.ActiveCfg = Debug|Any CPU
		{C187949B-DF63-4166-B957-5CA1CA941FFC}.Debug|x86.Build.0 = Debug|Any CPU
		{C187949B-DF63-4166-B957-5CA1CA941FFC}.Release|Any CPU.ActiveCfg = Release|Any CPU
		{C187949B-DF63-4166-B957-5CA1CA941FFC}.Release|Any CPU.Build.0 = Release|Any CPU
		{C187949B-DF63-4166-B957-5CA1CA941FFC}.Release|x64.ActiveCfg = Release|Any CPU
		{C187949B-DF63-4166-B957-5CA1CA941FFC}.Release|x64.Build.0 = Release|Any CPU
		{C187949B-DF63-4166-B957-5CA1CA941FFC}.Release|x86.ActiveCfg = Release|Any CPU
		{C187949B-DF63-4166-B957-5CA1CA941FFC}.Release|x86.Build.0 = Release|Any CPU
		{B4BF367F-9A7A-4C91-ACFF-13A0130BDFDC}.Debug|Any CPU.ActiveCfg = Debug|Any CPU
		{B4BF367F-9A7A-4C91-ACFF-13A0130BDFDC}.Debug|Any CPU.Build.0 = Debug|Any CPU
		{B4BF367F-9A7A-4C91-ACFF-13A0130BDFDC}.Debug|x64.ActiveCfg = Debug|Any CPU
		{B4BF367F-9A7A-4C91-ACFF-13A0130BDFDC}.Debug|x64.Build.0 = Debug|Any CPU
		{B4BF367F-9A7A-4C91-ACFF-13A0130BDFDC}.Debug|x86.ActiveCfg = Debug|Any CPU
		{B4BF367F-9A7A-4C91-ACFF-13A0130BDFDC}.Debug|x86.Build.0 = Debug|Any CPU
		{B4BF367F-9A7A-4C91-ACFF-13A0130BDFDC}.Release|Any CPU.ActiveCfg = Release|Any CPU
		{B4BF367F-9A7A-4C91-ACFF-13A0130BDFDC}.Release|Any CPU.Build.0 = Release|Any CPU
		{B4BF367F-9A7A-4C91-ACFF-13A0130BDFDC}.Release|x64.ActiveCfg = Release|Any CPU
		{B4BF367F-9A7A-4C91-ACFF-13A0130BDFDC}.Release|x64.Build.0 = Release|Any CPU
		{B4BF367F-9A7A-4C91-ACFF-13A0130BDFDC}.Release|x86.ActiveCfg = Release|Any CPU
		{B4BF367F-9A7A-4C91-ACFF-13A0130BDFDC}.Release|x86.Build.0 = Release|Any CPU
		{D181A616-ED58-42D2-99A6-36721FB463CA}.Debug|Any CPU.ActiveCfg = Debug|Any CPU
		{D181A616-ED58-42D2-99A6-36721FB463CA}.Debug|Any CPU.Build.0 = Debug|Any CPU
		{D181A616-ED58-42D2-99A6-36721FB463CA}.Debug|x64.ActiveCfg = Debug|Any CPU
		{D181A616-ED58-42D2-99A6-36721FB463CA}.Debug|x64.Build.0 = Debug|Any CPU
		{D181A616-ED58-42D2-99A6-36721FB463CA}.Debug|x86.ActiveCfg = Debug|Any CPU
		{D181A616-ED58-42D2-99A6-36721FB463CA}.Debug|x86.Build.0 = Debug|Any CPU
		{D181A616-ED58-42D2-99A6-36721FB463CA}.Release|Any CPU.ActiveCfg = Release|Any CPU
		{D181A616-ED58-42D2-99A6-36721FB463CA}.Release|Any CPU.Build.0 = Release|Any CPU
		{D181A616-ED58-42D2-99A6-36721FB463CA}.Release|x64.ActiveCfg = Release|Any CPU
		{D181A616-ED58-42D2-99A6-36721FB463CA}.Release|x64.Build.0 = Release|Any CPU
		{D181A616-ED58-42D2-99A6-36721FB463CA}.Release|x86.ActiveCfg = Release|Any CPU
		{D181A616-ED58-42D2-99A6-36721FB463CA}.Release|x86.Build.0 = Release|Any CPU
	EndGlobalSection
	GlobalSection(SolutionProperties) = preSolution
		HideSolutionNode = FALSE
	EndGlobalSection
	GlobalSection(NestedProjects) = preSolution
		{964F1FA4-A6EB-A446-41C3-2CF0CA476F8C} = {827E0CD3-B72D-47B6-A68D-7590B98EB39B}
		{55636E45-66A4-4520-978A-C9AFE52BC939} = {964F1FA4-A6EB-A446-41C3-2CF0CA476F8C}
		{45304C4B-4047-4267-8AEE-807BA196A986} = {964F1FA4-A6EB-A446-41C3-2CF0CA476F8C}
		{271FDD2D-03B5-4A18-83D8-9274F068B777} = {964F1FA4-A6EB-A446-41C3-2CF0CA476F8C}
		{8ADF2296-BFA2-4D46-9D9D-86BAB5392FFD} = {964F1FA4-A6EB-A446-41C3-2CF0CA476F8C}
		{71CCC997-233F-40AF-B58A-FEB2140D615C} = {964F1FA4-A6EB-A446-41C3-2CF0CA476F8C}
		{F489E2D5-C65D-9AA9-2B96-C7DF79630172} = {827E0CD3-B72D-47B6-A68D-7590B98EB39B}
		{5AA21CCB-7D88-4CFE-AAC7-E8364AF14DAC} = {F489E2D5-C65D-9AA9-2B96-C7DF79630172}
		{9DD03983-E68B-4292-A233-5648AD4816D3} = {67D072D0-5960-36DD-62EE-E86F26EB70B5}
		{0D9F2BF3-FEEE-4601-B681-45C4FD2CDFE4} = {456C3C34-037B-595C-0FAA-95E3F0B1B872}
		{C27149CE-CE0C-4A73-BD79-4B5AC3DE4672} = {67D072D0-5960-36DD-62EE-E86F26EB70B5}
		{B6076939-9CEF-4FF0-A9BA-7C9D64823FE2} = {67D072D0-5960-36DD-62EE-E86F26EB70B5}
		{3A12ADD9-91EF-4363-BB8A-EC90CED6098A} = {DF6BE8B2-2D07-966B-2358-367643AFBACF}
		{D817BFAA-1A28-4E5C-8509-86BA8EC7216E} = {0CFFCF7B-7EE3-F8D0-1ECE-D64A1E3809D3}
		{8B49AFCB-47CE-4BB3-8C9D-8F098D773E60} = {67D072D0-5960-36DD-62EE-E86F26EB70B5}
		{6E1B0D9D-D0AA-4227-857B-A4B33ABF49CB} = {67D072D0-5960-36DD-62EE-E86F26EB70B5}
		{95F47396-8AE4-46FD-8C5A-82FAC9588F12} = {67D072D0-5960-36DD-62EE-E86F26EB70B5}
		{3825D060-8F19-4EDA-9D7F-8ADAB60F28FB} = {F489E2D5-C65D-9AA9-2B96-C7DF79630172}
		{4E51D0A4-BD50-4CCE-AA76-8BD845C5DFBF} = {DF6BE8B2-2D07-966B-2358-367643AFBACF}
		{A674D673-81B6-4E21-8A2E-E04D65FDF458} = {DF6BE8B2-2D07-966B-2358-367643AFBACF}
		{7F2CD1F4-8335-4E39-A998-36739A278FB6} = {F489E2D5-C65D-9AA9-2B96-C7DF79630172}
		{67D072D0-5960-36DD-62EE-E86F26EB70B5} = {827E0CD3-B72D-47B6-A68D-7590B98EB39B}
		{456C3C34-037B-595C-0FAA-95E3F0B1B872} = {827E0CD3-B72D-47B6-A68D-7590B98EB39B}
		{0E92E0E0-AC9C-4CDE-820F-197BE12334CC} = {456C3C34-037B-595C-0FAA-95E3F0B1B872}
		{DEAE2D00-C1BC-4E0A-888B-AD89D3880B2F} = {456C3C34-037B-595C-0FAA-95E3F0B1B872}
		{1480A571-6A3B-403E-BA93-4AB485A8F18D} = {456C3C34-037B-595C-0FAA-95E3F0B1B872}
		{DF6BE8B2-2D07-966B-2358-367643AFBACF} = {827E0CD3-B72D-47B6-A68D-7590B98EB39B}
		{2B4E54AC-7DEF-1549-9779-3DE57D644187} = {827E0CD3-B72D-47B6-A68D-7590B98EB39B}
		{2F003956-7C23-4129-A891-06ADF8DB403F} = {2B4E54AC-7DEF-1549-9779-3DE57D644187}
		{0CFFCF7B-7EE3-F8D0-1ECE-D64A1E3809D3} = {827E0CD3-B72D-47B6-A68D-7590B98EB39B}
		{F0A602FC-B6B3-0309-A4D0-A7C9FDC897AA} = {827E0CD3-B72D-47B6-A68D-7590B98EB39B}
		{BFF45C7B-4EFC-4DD3-8B7E-C558C6E52742} = {F0A602FC-B6B3-0309-A4D0-A7C9FDC897AA}
		{5A0DE6C7-07AA-9AAA-1A56-6E721FFE2664} = {0AB3BF05-4346-4AA6-1389-037BE0695223}
		{78CF743A-01B7-4EC9-A1FD-3F5AE0B2780D} = {5A0DE6C7-07AA-9AAA-1A56-6E721FFE2664}
		{0B1AE97B-9BA3-4CFB-8654-510E598E27F0} = {5A0DE6C7-07AA-9AAA-1A56-6E721FFE2664}
		{942554AF-92AB-4942-9A0D-9D07DDBA3B36} = {5A0DE6C7-07AA-9AAA-1A56-6E721FFE2664}
		{D7DE6CE3-A07D-4DD8-A0AE-515BE23EC506} = {5A0DE6C7-07AA-9AAA-1A56-6E721FFE2664}
		{73E06119-56CA-4C6D-9C8E-D6DD46A4A77D} = {5A0DE6C7-07AA-9AAA-1A56-6E721FFE2664}
		{2A5903AA-195D-83FB-6F94-018C32AA5AC8} = {0AB3BF05-4346-4AA6-1389-037BE0695223}
		{FE000C14-957F-43F9-93DE-6D2DC317437A} = {2A5903AA-195D-83FB-6F94-018C32AA5AC8}
		{DB8F0106-8A27-4660-8648-C995263D10DC} = {4C372400-8648-52E2-8A04-6086782FAE0B}
		{4C372400-8648-52E2-8A04-6086782FAE0B} = {0AB3BF05-4346-4AA6-1389-037BE0695223}
		{4827F874-3840-4F59-82D2-144982E13652} = {4C372400-8648-52E2-8A04-6086782FAE0B}
		{4103BB6E-CB27-4BCB-812A-2123BFB7E6F9} = {4C372400-8648-52E2-8A04-6086782FAE0B}
		{7D3FDBA2-FB55-4CF9-A61C-FAA9907A53A5} = {4C372400-8648-52E2-8A04-6086782FAE0B}
		{438D02BA-E3CB-4C38-BC85-1830DCCF362F} = {4C372400-8648-52E2-8A04-6086782FAE0B}
		{8FF838C8-B9D4-3010-900E-E77C123E624B} = {0AB3BF05-4346-4AA6-1389-037BE0695223}
		{27168B62-FAF7-4E9D-B2AC-60391961EA3E} = {8FF838C8-B9D4-3010-900E-E77C123E624B}
		{47260455-EA92-4B0E-8506-64B5D7C0A555} = {8FF838C8-B9D4-3010-900E-E77C123E624B}
		{08712CCD-3ED3-4B21-BE85-8F875E79E971} = {8FF838C8-B9D4-3010-900E-E77C123E624B}
		{75635414-C370-4F2B-B920-F6FA31C7B0DE} = {8FF838C8-B9D4-3010-900E-E77C123E624B}
		{94D77A0C-C34C-4F3B-84F0-666B72AE3816} = {8FF838C8-B9D4-3010-900E-E77C123E624B}
		{CCAF1C0A-4FB5-A81C-C078-EA082DDB7ABD} = {0AB3BF05-4346-4AA6-1389-037BE0695223}
		{23AB0DBB-DB67-4CD5-99DB-F0950785E73C} = {CCAF1C0A-4FB5-A81C-C078-EA082DDB7ABD}
		{2C920A23-D610-5BCD-25E5-3C62F0764F07} = {0AB3BF05-4346-4AA6-1389-037BE0695223}
		{C187949B-DF63-4166-B957-5CA1CA941FFC} = {2C920A23-D610-5BCD-25E5-3C62F0764F07}
		{49963D9A-FDFD-D35F-53D9-F4A4F72AE25E} = {0AB3BF05-4346-4AA6-1389-037BE0695223}
		{B4BF367F-9A7A-4C91-ACFF-13A0130BDFDC} = {49963D9A-FDFD-D35F-53D9-F4A4F72AE25E}
		{03FE7874-62DA-4180-2F81-EE9204FA925B} = {0AB3BF05-4346-4AA6-1389-037BE0695223}
		{D181A616-ED58-42D2-99A6-36721FB463CA} = {03FE7874-62DA-4180-2F81-EE9204FA925B}
	EndGlobalSection
EndGlobal
